// !$*UTF8*$!
{
	archiveVersion = 1;
	classes = {
	};
	objectVersion = 56;
	objects = {

/* Begin PBXBuildFile section */
		B31EAE4529A8F820004C4A56 /* ContentView.swift in Sources */ = {isa = PBXBuildFile; fileRef = B31EAE4429A8F820004C4A56 /* ContentView.swift */; };
		B31EAE4B29A915B9004C4A56 /* internet-passwords.json in Resources */ = {isa = PBXBuildFile; fileRef = B31EAE4A29A915B9004C4A56 /* internet-passwords.json */; };
		B31EAE4D29A915E2004C4A56 /* InternetPasswordData.swift in Sources */ = {isa = PBXBuildFile; fileRef = B31EAE4C29A915E2004C4A56 /* InternetPasswordData.swift */; };
		B34ADDB929AF84750072B59F /* Dictionary.swift in Sources */ = {isa = PBXBuildFile; fileRef = B34ADDB029AF84750072B59F /* Dictionary.swift */; };
		B34ADDBA29AF84750072B59F /* InternetPasswordItem.swift in Sources */ = {isa = PBXBuildFile; fileRef = B34ADDB129AF84750072B59F /* InternetPasswordItem.swift */; };
		B34ADDBB29AF84750072B59F /* Query.swift in Sources */ = {isa = PBXBuildFile; fileRef = B34ADDB229AF84750072B59F /* Query.swift */; };
		B34ADDBC29AF84750072B59F /* InternetPasswordRootView.swift in Sources */ = {isa = PBXBuildFile; fileRef = B34ADDB329AF84750072B59F /* InternetPasswordRootView.swift */; };
		B34ADDBD29AF84750072B59F /* ServerProtocol.swift in Sources */ = {isa = PBXBuildFile; fileRef = B34ADDB429AF84750072B59F /* ServerProtocol.swift */; };
		B34ADDBE29AF84750072B59F /* AuthenticationType.swift in Sources */ = {isa = PBXBuildFile; fileRef = B34ADDB529AF84750072B59F /* AuthenticationType.swift */; };
		B34ADDBF29AF84750072B59F /* Int.swift in Sources */ = {isa = PBXBuildFile; fileRef = B34ADDB629AF84750072B59F /* Int.swift */; };
		B34ADDC029AF84750072B59F /* PreviewInternetPasswordObject.swift in Sources */ = {isa = PBXBuildFile; fileRef = B34ADDB729AF84750072B59F /* PreviewInternetPasswordObject.swift */; };
		B34ADDC129AF84750072B59F /* InternetPasswordListObject.swift in Sources */ = {isa = PBXBuildFile; fileRef = B34ADDB829AF84750072B59F /* InternetPasswordListObject.swift */; };
		B34ADDC929AF856A0072B59F /* PreviewRepository.swift in Sources */ = {isa = PBXBuildFile; fileRef = B34ADDC229AF856A0072B59F /* PreviewRepository.swift */; };
		B34ADDCA29AF856A0072B59F /* InternetPasswordItemBuilder.swift in Sources */ = {isa = PBXBuildFile; fileRef = B34ADDC329AF856A0072B59F /* InternetPasswordItemBuilder.swift */; };
		B34ADDCF29AF856A0072B59F /* InternetPasswordObject.swift in Sources */ = {isa = PBXBuildFile; fileRef = B34ADDC829AF856A0072B59F /* InternetPasswordObject.swift */; };
		B34ADDD129AF86AB0072B59F /* InternetPasswordFormContentView.swift in Sources */ = {isa = PBXBuildFile; fileRef = B34ADDD029AF86AB0072B59F /* InternetPasswordFormContentView.swift */; };
		B34ADDD329AF87F00072B59F /* InternetPasswordList.swift in Sources */ = {isa = PBXBuildFile; fileRef = B34ADDD229AF87F00072B59F /* InternetPasswordList.swift */; };
		B34ADDD629AF886C0072B59F /* InternetPasswordView.swift in Sources */ = {isa = PBXBuildFile; fileRef = B34ADDD529AF886C0072B59F /* InternetPasswordView.swift */; };
		B34ADDDB29AF88E80072B59F /* CredentialsRepository.swift in Sources */ = {isa = PBXBuildFile; fileRef = B34ADDD929AF88E80072B59F /* CredentialsRepository.swift */; };
		B34ADDDC29AF88E80072B59F /* KeychainRepository.swift in Sources */ = {isa = PBXBuildFile; fileRef = B34ADDDA29AF88E80072B59F /* KeychainRepository.swift */; };
		B34ADDDE29AF88F50072B59F /* String.swift in Sources */ = {isa = PBXBuildFile; fileRef = B34ADDDD29AF88F50072B59F /* String.swift */; };
		B39BF14E29A53D50009BBCAC /* FloxBxAuth in Frameworks */ = {isa = PBXBuildFile; productRef = B39BF14D29A53D50009BBCAC /* FloxBxAuth */; };
		B39BF15029A53D55009BBCAC /* FloxBxAuth in Frameworks */ = {isa = PBXBuildFile; productRef = B39BF14F29A53D55009BBCAC /* FloxBxAuth */; };
		B39BF15429A6C116009BBCAC /* KeychainSyncDemoApp.swift in Sources */ = {isa = PBXBuildFile; fileRef = B3AA493B29A5282F002D40C3 /* KeychainSyncDemoApp.swift */; };
		B3AA493C29A5282F002D40C3 /* KeychainSyncDemoApp.swift in Sources */ = {isa = PBXBuildFile; fileRef = B3AA493B29A5282F002D40C3 /* KeychainSyncDemoApp.swift */; };
		B3AA494029A52831002D40C3 /* Assets.xcassets in Resources */ = {isa = PBXBuildFile; fileRef = B3AA493F29A52831002D40C3 /* Assets.xcassets */; };
		B3AA494429A52831002D40C3 /* Preview Assets.xcassets in Resources */ = {isa = PBXBuildFile; fileRef = B3AA494329A52831002D40C3 /* Preview Assets.xcassets */; };
		B3AA495529A52852002D40C3 /* Assets.xcassets in Resources */ = {isa = PBXBuildFile; fileRef = B3AA495429A52852002D40C3 /* Assets.xcassets */; };
		B3AA495829A52852002D40C3 /* Preview Assets.xcassets in Resources */ = {isa = PBXBuildFile; fileRef = B3AA495729A52852002D40C3 /* Preview Assets.xcassets */; };
/* End PBXBuildFile section */

/* Begin PBXFileReference section */
		B31EAE4429A8F820004C4A56 /* ContentView.swift */ = {isa = PBXFileReference; lastKnownFileType = sourcecode.swift; path = ContentView.swift; sourceTree = "<group>"; };
		B31EAE4A29A915B9004C4A56 /* internet-passwords.json */ = {isa = PBXFileReference; fileEncoding = 4; lastKnownFileType = text.json; path = "internet-passwords.json"; sourceTree = "<group>"; };
		B31EAE4C29A915E2004C4A56 /* InternetPasswordData.swift */ = {isa = PBXFileReference; lastKnownFileType = sourcecode.swift; path = InternetPasswordData.swift; sourceTree = "<group>"; };
		B34ADDB029AF84750072B59F /* Dictionary.swift */ = {isa = PBXFileReference; fileEncoding = 4; lastKnownFileType = sourcecode.swift; path = Dictionary.swift; sourceTree = "<group>"; };
		B34ADDB129AF84750072B59F /* InternetPasswordItem.swift */ = {isa = PBXFileReference; fileEncoding = 4; lastKnownFileType = sourcecode.swift; path = InternetPasswordItem.swift; sourceTree = "<group>"; };
		B34ADDB229AF84750072B59F /* Query.swift */ = {isa = PBXFileReference; fileEncoding = 4; lastKnownFileType = sourcecode.swift; path = Query.swift; sourceTree = "<group>"; };
		B34ADDB329AF84750072B59F /* InternetPasswordRootView.swift */ = {isa = PBXFileReference; fileEncoding = 4; lastKnownFileType = sourcecode.swift; path = InternetPasswordRootView.swift; sourceTree = "<group>"; };
		B34ADDB429AF84750072B59F /* ServerProtocol.swift */ = {isa = PBXFileReference; fileEncoding = 4; lastKnownFileType = sourcecode.swift; path = ServerProtocol.swift; sourceTree = "<group>"; };
		B34ADDB529AF84750072B59F /* AuthenticationType.swift */ = {isa = PBXFileReference; fileEncoding = 4; lastKnownFileType = sourcecode.swift; path = AuthenticationType.swift; sourceTree = "<group>"; };
		B34ADDB629AF84750072B59F /* Int.swift */ = {isa = PBXFileReference; fileEncoding = 4; lastKnownFileType = sourcecode.swift; path = Int.swift; sourceTree = "<group>"; };
		B34ADDB729AF84750072B59F /* PreviewInternetPasswordObject.swift */ = {isa = PBXFileReference; fileEncoding = 4; lastKnownFileType = sourcecode.swift; path = PreviewInternetPasswordObject.swift; sourceTree = "<group>"; };
		B34ADDB829AF84750072B59F /* InternetPasswordListObject.swift */ = {isa = PBXFileReference; fileEncoding = 4; lastKnownFileType = sourcecode.swift; path = InternetPasswordListObject.swift; sourceTree = "<group>"; };
		B34ADDC229AF856A0072B59F /* PreviewRepository.swift */ = {isa = PBXFileReference; fileEncoding = 4; lastKnownFileType = sourcecode.swift; name = PreviewRepository.swift; path = "KeychainSyncDemo/Preview Content/PreviewRepository.swift"; sourceTree = SOURCE_ROOT; };
		B34ADDC329AF856A0072B59F /* InternetPasswordItemBuilder.swift */ = {isa = PBXFileReference; fileEncoding = 4; lastKnownFileType = sourcecode.swift; name = InternetPasswordItemBuilder.swift; path = KeychainSyncDemo/InternetPasswordItemBuilder.swift; sourceTree = SOURCE_ROOT; };
		B34ADDC829AF856A0072B59F /* InternetPasswordObject.swift */ = {isa = PBXFileReference; fileEncoding = 4; lastKnownFileType = sourcecode.swift; name = InternetPasswordObject.swift; path = KeychainSyncDemo/InternetPasswordObject.swift; sourceTree = SOURCE_ROOT; };
		B34ADDD029AF86AB0072B59F /* InternetPasswordFormContentView.swift */ = {isa = PBXFileReference; lastKnownFileType = sourcecode.swift; path = InternetPasswordFormContentView.swift; sourceTree = "<group>"; };
		B34ADDD229AF87F00072B59F /* InternetPasswordList.swift */ = {isa = PBXFileReference; lastKnownFileType = sourcecode.swift; path = InternetPasswordList.swift; sourceTree = "<group>"; };
		B34ADDD529AF886C0072B59F /* InternetPasswordView.swift */ = {isa = PBXFileReference; fileEncoding = 4; lastKnownFileType = sourcecode.swift; path = InternetPasswordView.swift; sourceTree = "<group>"; };
		B34ADDD929AF88E80072B59F /* CredentialsRepository.swift */ = {isa = PBXFileReference; fileEncoding = 4; lastKnownFileType = sourcecode.swift; path = CredentialsRepository.swift; sourceTree = "<group>"; };
		B34ADDDA29AF88E80072B59F /* KeychainRepository.swift */ = {isa = PBXFileReference; fileEncoding = 4; lastKnownFileType = sourcecode.swift; path = KeychainRepository.swift; sourceTree = "<group>"; };
		B34ADDDD29AF88F50072B59F /* String.swift */ = {isa = PBXFileReference; fileEncoding = 4; lastKnownFileType = sourcecode.swift; path = String.swift; sourceTree = "<group>"; };
		B39BF14A29A53CF9009BBCAC /* FloxBxAuth */ = {isa = PBXFileReference; lastKnownFileType = wrapper; path = FloxBxAuth; sourceTree = "<group>"; };
		B39BF14B29A53D37009BBCAC /* KeychainSyncDemoWatch Watch App.entitlements */ = {isa = PBXFileReference; lastKnownFileType = text.plist.entitlements; path = "KeychainSyncDemoWatch Watch App.entitlements"; sourceTree = "<group>"; };
		B3AA493829A5282F002D40C3 /* KeychainSyncDemo.app */ = {isa = PBXFileReference; explicitFileType = wrapper.application; includeInIndex = 0; path = KeychainSyncDemo.app; sourceTree = BUILT_PRODUCTS_DIR; };
		B3AA493B29A5282F002D40C3 /* KeychainSyncDemoApp.swift */ = {isa = PBXFileReference; lastKnownFileType = sourcecode.swift; path = KeychainSyncDemoApp.swift; sourceTree = "<group>"; };
		B3AA493F29A52831002D40C3 /* Assets.xcassets */ = {isa = PBXFileReference; lastKnownFileType = folder.assetcatalog; path = Assets.xcassets; sourceTree = "<group>"; };
		B3AA494129A52831002D40C3 /* KeychainSyncDemo.entitlements */ = {isa = PBXFileReference; lastKnownFileType = text.plist.entitlements; path = KeychainSyncDemo.entitlements; sourceTree = "<group>"; };
		B3AA494329A52831002D40C3 /* Preview Assets.xcassets */ = {isa = PBXFileReference; lastKnownFileType = folder.assetcatalog; path = "Preview Assets.xcassets"; sourceTree = "<group>"; };
		B3AA494E29A52851002D40C3 /* KeychainSyncDemoWatch Watch App.app */ = {isa = PBXFileReference; explicitFileType = wrapper.application; includeInIndex = 0; path = "KeychainSyncDemoWatch Watch App.app"; sourceTree = BUILT_PRODUCTS_DIR; };
		B3AA495429A52852002D40C3 /* Assets.xcassets */ = {isa = PBXFileReference; lastKnownFileType = folder.assetcatalog; path = Assets.xcassets; sourceTree = "<group>"; };
		B3AA495729A52852002D40C3 /* Preview Assets.xcassets */ = {isa = PBXFileReference; lastKnownFileType = folder.assetcatalog; path = "Preview Assets.xcassets"; sourceTree = "<group>"; };
/* End PBXFileReference section */

/* Begin PBXFrameworksBuildPhase section */
		B3AA493529A5282F002D40C3 /* Frameworks */ = {
			isa = PBXFrameworksBuildPhase;
			buildActionMask = 2147483647;
			files = (
				B39BF15029A53D55009BBCAC /* FloxBxAuth in Frameworks */,
			);
			runOnlyForDeploymentPostprocessing = 0;
		};
		B3AA494B29A52851002D40C3 /* Frameworks */ = {
			isa = PBXFrameworksBuildPhase;
			buildActionMask = 2147483647;
			files = (
				B39BF14E29A53D50009BBCAC /* FloxBxAuth in Frameworks */,
			);
			runOnlyForDeploymentPostprocessing = 0;
		};
/* End PBXFrameworksBuildPhase section */

/* Begin PBXGroup section */
		B34ADDD429AF884E0072B59F /* Views */ = {
			isa = PBXGroup;
			children = (
				B34ADDD529AF886C0072B59F /* InternetPasswordView.swift */,
				B34ADDD029AF86AB0072B59F /* InternetPasswordFormContentView.swift */,
				B34ADDB329AF84750072B59F /* InternetPasswordRootView.swift */,
				B31EAE4429A8F820004C4A56 /* ContentView.swift */,
				B34ADDD229AF87F00072B59F /* InternetPasswordList.swift */,
			);
			path = Views;
			sourceTree = "<group>";
		};
		B34ADDD729AF88AD0072B59F /* Extensions */ = {
			isa = PBXGroup;
			children = (
				B34ADDDD29AF88F50072B59F /* String.swift */,
				B34ADDB029AF84750072B59F /* Dictionary.swift */,
				B34ADDB629AF84750072B59F /* Int.swift */,
			);
			path = Extensions;
			sourceTree = "<group>";
		};
		B34ADDD829AF88CA0072B59F /* Auth */ = {
			isa = PBXGroup;
			children = (
				B34ADDD929AF88E80072B59F /* CredentialsRepository.swift */,
				B34ADDDA29AF88E80072B59F /* KeychainRepository.swift */,
				B34ADDB529AF84750072B59F /* AuthenticationType.swift */,
				B34ADDB129AF84750072B59F /* InternetPasswordItem.swift */,
				B34ADDB229AF84750072B59F /* Query.swift */,
				B34ADDB429AF84750072B59F /* ServerProtocol.swift */,
			);
			path = Auth;
			sourceTree = "<group>";
		};
		B39BF14C29A53D50009BBCAC /* Frameworks */ = {
			isa = PBXGroup;
			children = (
			);
			name = Frameworks;
			sourceTree = "<group>";
		};
		B3AA492F29A5282F002D40C3 = {
			isa = PBXGroup;
			children = (
				B39BF14A29A53CF9009BBCAC /* FloxBxAuth */,
				B3AA493A29A5282F002D40C3 /* KeychainSyncDemo */,
				B3AA494F29A52851002D40C3 /* KeychainSyncDemoWatch Watch App */,
				B3AA493929A5282F002D40C3 /* Products */,
				B39BF14C29A53D50009BBCAC /* Frameworks */,
			);
			sourceTree = "<group>";
		};
		B3AA493929A5282F002D40C3 /* Products */ = {
			isa = PBXGroup;
			children = (
				B3AA493829A5282F002D40C3 /* KeychainSyncDemo.app */,
				B3AA494E29A52851002D40C3 /* KeychainSyncDemoWatch Watch App.app */,
			);
			name = Products;
			sourceTree = "<group>";
		};
		B3AA493A29A5282F002D40C3 /* KeychainSyncDemo */ = {
			isa = PBXGroup;
			children = (
				B3AA493F29A52831002D40C3 /* Assets.xcassets */,
				B34ADDD829AF88CA0072B59F /* Auth */,
				B34ADDD729AF88AD0072B59F /* Extensions */,
				B34ADDD429AF884E0072B59F /* Views */,
				B34ADDC329AF856A0072B59F /* InternetPasswordItemBuilder.swift */,
				B34ADDB829AF84750072B59F /* InternetPasswordListObject.swift */,
				B34ADDC829AF856A0072B59F /* InternetPasswordObject.swift */,
				B3AA494129A52831002D40C3 /* KeychainSyncDemo.entitlements */,
				B3AA493B29A5282F002D40C3 /* KeychainSyncDemoApp.swift */,
				B3AA494229A52831002D40C3 /* Preview Content */,
			);
			path = KeychainSyncDemo;
			sourceTree = "<group>";
		};
		B3AA494229A52831002D40C3 /* Preview Content */ = {
			isa = PBXGroup;
			children = (
				B31EAE4A29A915B9004C4A56 /* internet-passwords.json */,
				B31EAE4C29A915E2004C4A56 /* InternetPasswordData.swift */,
				B34ADDB729AF84750072B59F /* PreviewInternetPasswordObject.swift */,
				B34ADDC229AF856A0072B59F /* PreviewRepository.swift */,
				B3AA494329A52831002D40C3 /* Preview Assets.xcassets */,
			);
			path = "Preview Content";
			sourceTree = "<group>";
		};
		B3AA494F29A52851002D40C3 /* KeychainSyncDemoWatch Watch App */ = {
			isa = PBXGroup;
			children = (
				B39BF14B29A53D37009BBCAC /* KeychainSyncDemoWatch Watch App.entitlements */,
				B3AA495429A52852002D40C3 /* Assets.xcassets */,
				B3AA495629A52852002D40C3 /* Preview Content */,
			);
			path = "KeychainSyncDemoWatch Watch App";
			sourceTree = "<group>";
		};
		B3AA495629A52852002D40C3 /* Preview Content */ = {
			isa = PBXGroup;
			children = (
				B3AA495729A52852002D40C3 /* Preview Assets.xcassets */,
			);
			path = "Preview Content";
			sourceTree = "<group>";
		};
/* End PBXGroup section */

/* Begin PBXNativeTarget section */
		B3AA493729A5282F002D40C3 /* KeychainSyncDemo */ = {
			isa = PBXNativeTarget;
			buildConfigurationList = B3AA494729A52831002D40C3 /* Build configuration list for PBXNativeTarget "KeychainSyncDemo" */;
			buildPhases = (
				B3AA493429A5282F002D40C3 /* Sources */,
				B3AA493529A5282F002D40C3 /* Frameworks */,
				B3AA493629A5282F002D40C3 /* Resources */,
			);
			buildRules = (
			);
			dependencies = (
			);
			name = KeychainSyncDemo;
			packageProductDependencies = (
				B39BF14F29A53D55009BBCAC /* FloxBxAuth */,
			);
			productName = KeychainSyncDemo;
			productReference = B3AA493829A5282F002D40C3 /* KeychainSyncDemo.app */;
			productType = "com.apple.product-type.application";
		};
		B3AA494D29A52851002D40C3 /* KeychainSyncDemoWatch Watch App */ = {
			isa = PBXNativeTarget;
			buildConfigurationList = B3AA495929A52852002D40C3 /* Build configuration list for PBXNativeTarget "KeychainSyncDemoWatch Watch App" */;
			buildPhases = (
				B3AA494A29A52851002D40C3 /* Sources */,
				B3AA494B29A52851002D40C3 /* Frameworks */,
				B3AA494C29A52851002D40C3 /* Resources */,
			);
			buildRules = (
			);
			dependencies = (
			);
			name = "KeychainSyncDemoWatch Watch App";
			packageProductDependencies = (
				B39BF14D29A53D50009BBCAC /* FloxBxAuth */,
			);
			productName = "KeychainSyncDemoWatch Watch App";
			productReference = B3AA494E29A52851002D40C3 /* KeychainSyncDemoWatch Watch App.app */;
			productType = "com.apple.product-type.application";
		};
/* End PBXNativeTarget section */

/* Begin PBXProject section */
		B3AA493029A5282F002D40C3 /* Project object */ = {
			isa = PBXProject;
			attributes = {
				BuildIndependentTargetsInParallel = 1;
				LastSwiftUpdateCheck = 1420;
				LastUpgradeCheck = 1420;
				TargetAttributes = {
					B3AA493729A5282F002D40C3 = {
						CreatedOnToolsVersion = 14.2;
					};
					B3AA494D29A52851002D40C3 = {
						CreatedOnToolsVersion = 14.2;
					};
				};
			};
			buildConfigurationList = B3AA493329A5282F002D40C3 /* Build configuration list for PBXProject "KeychainSyncDemo" */;
			compatibilityVersion = "Xcode 14.0";
			developmentRegion = en;
			hasScannedForEncodings = 0;
			knownRegions = (
				en,
				Base,
			);
			mainGroup = B3AA492F29A5282F002D40C3;
			productRefGroup = B3AA493929A5282F002D40C3 /* Products */;
			projectDirPath = "";
			projectRoot = "";
			targets = (
				B3AA493729A5282F002D40C3 /* KeychainSyncDemo */,
				B3AA494D29A52851002D40C3 /* KeychainSyncDemoWatch Watch App */,
			);
		};
/* End PBXProject section */

/* Begin PBXResourcesBuildPhase section */
		B3AA493629A5282F002D40C3 /* Resources */ = {
			isa = PBXResourcesBuildPhase;
			buildActionMask = 2147483647;
			files = (
				B3AA494429A52831002D40C3 /* Preview Assets.xcassets in Resources */,
				B31EAE4B29A915B9004C4A56 /* internet-passwords.json in Resources */,
				B3AA494029A52831002D40C3 /* Assets.xcassets in Resources */,
			);
			runOnlyForDeploymentPostprocessing = 0;
		};
		B3AA494C29A52851002D40C3 /* Resources */ = {
			isa = PBXResourcesBuildPhase;
			buildActionMask = 2147483647;
			files = (
				B3AA495829A52852002D40C3 /* Preview Assets.xcassets in Resources */,
				B3AA495529A52852002D40C3 /* Assets.xcassets in Resources */,
			);
			runOnlyForDeploymentPostprocessing = 0;
		};
/* End PBXResourcesBuildPhase section */

/* Begin PBXSourcesBuildPhase section */
		B3AA493429A5282F002D40C3 /* Sources */ = {
			isa = PBXSourcesBuildPhase;
			buildActionMask = 2147483647;
			files = (
				B34ADDDB29AF88E80072B59F /* CredentialsRepository.swift in Sources */,
				B3AA493C29A5282F002D40C3 /* KeychainSyncDemoApp.swift in Sources */,
				B34ADDCA29AF856A0072B59F /* InternetPasswordItemBuilder.swift in Sources */,
				B34ADDD129AF86AB0072B59F /* InternetPasswordFormContentView.swift in Sources */,
				B34ADDC929AF856A0072B59F /* PreviewRepository.swift in Sources */,
				B34ADDBB29AF84750072B59F /* Query.swift in Sources */,
				B34ADDB929AF84750072B59F /* Dictionary.swift in Sources */,
				B34ADDBE29AF84750072B59F /* AuthenticationType.swift in Sources */,
				B34ADDBA29AF84750072B59F /* InternetPasswordItem.swift in Sources */,
				B34ADDD329AF87F00072B59F /* InternetPasswordList.swift in Sources */,
				B34ADDCF29AF856A0072B59F /* InternetPasswordObject.swift in Sources */,
				B34ADDDE29AF88F50072B59F /* String.swift in Sources */,
				B34ADDD629AF886C0072B59F /* InternetPasswordView.swift in Sources */,
				B34ADDBC29AF84750072B59F /* InternetPasswordRootView.swift in Sources */,
				B34ADDBD29AF84750072B59F /* ServerProtocol.swift in Sources */,
				B34ADDC029AF84750072B59F /* PreviewInternetPasswordObject.swift in Sources */,
				B34ADDBF29AF84750072B59F /* Int.swift in Sources */,
				B31EAE4D29A915E2004C4A56 /* InternetPasswordData.swift in Sources */,
				B31EAE4529A8F820004C4A56 /* ContentView.swift in Sources */,
				B34ADDDC29AF88E80072B59F /* KeychainRepository.swift in Sources */,
				B34ADDC129AF84750072B59F /* InternetPasswordListObject.swift in Sources */,
			);
			runOnlyForDeploymentPostprocessing = 0;
		};
		B3AA494A29A52851002D40C3 /* Sources */ = {
			isa = PBXSourcesBuildPhase;
			buildActionMask = 2147483647;
			files = (
				B39BF15429A6C116009BBCAC /* KeychainSyncDemoApp.swift in Sources */,
			);
			runOnlyForDeploymentPostprocessing = 0;
		};
/* End PBXSourcesBuildPhase section */

/* Begin XCBuildConfiguration section */
		B3AA494529A52831002D40C3 /* Debug */ = {
			isa = XCBuildConfiguration;
			buildSettings = {
				ALWAYS_SEARCH_USER_PATHS = NO;
				CLANG_ANALYZER_NONNULL = YES;
				CLANG_ANALYZER_NUMBER_OBJECT_CONVERSION = YES_AGGRESSIVE;
				CLANG_CXX_LANGUAGE_STANDARD = "gnu++20";
				CLANG_ENABLE_MODULES = YES;
				CLANG_ENABLE_OBJC_ARC = YES;
				CLANG_ENABLE_OBJC_WEAK = YES;
				CLANG_WARN_BLOCK_CAPTURE_AUTORELEASING = YES;
				CLANG_WARN_BOOL_CONVERSION = YES;
				CLANG_WARN_COMMA = YES;
				CLANG_WARN_CONSTANT_CONVERSION = YES;
				CLANG_WARN_DEPRECATED_OBJC_IMPLEMENTATIONS = YES;
				CLANG_WARN_DIRECT_OBJC_ISA_USAGE = YES_ERROR;
				CLANG_WARN_DOCUMENTATION_COMMENTS = YES;
				CLANG_WARN_EMPTY_BODY = YES;
				CLANG_WARN_ENUM_CONVERSION = YES;
				CLANG_WARN_INFINITE_RECURSION = YES;
				CLANG_WARN_INT_CONVERSION = YES;
				CLANG_WARN_NON_LITERAL_NULL_CONVERSION = YES;
				CLANG_WARN_OBJC_IMPLICIT_RETAIN_SELF = YES;
				CLANG_WARN_OBJC_LITERAL_CONVERSION = YES;
				CLANG_WARN_OBJC_ROOT_CLASS = YES_ERROR;
				CLANG_WARN_QUOTED_INCLUDE_IN_FRAMEWORK_HEADER = YES;
				CLANG_WARN_RANGE_LOOP_ANALYSIS = YES;
				CLANG_WARN_STRICT_PROTOTYPES = YES;
				CLANG_WARN_SUSPICIOUS_MOVE = YES;
				CLANG_WARN_UNGUARDED_AVAILABILITY = YES_AGGRESSIVE;
				CLANG_WARN_UNREACHABLE_CODE = YES;
				CLANG_WARN__DUPLICATE_METHOD_MATCH = YES;
				COPY_PHASE_STRIP = NO;
				DEBUG_INFORMATION_FORMAT = dwarf;
				ENABLE_STRICT_OBJC_MSGSEND = YES;
				ENABLE_TESTABILITY = YES;
				GCC_C_LANGUAGE_STANDARD = gnu11;
				GCC_DYNAMIC_NO_PIC = NO;
				GCC_NO_COMMON_BLOCKS = YES;
				GCC_OPTIMIZATION_LEVEL = 0;
				GCC_PREPROCESSOR_DEFINITIONS = (
					"DEBUG=1",
					"$(inherited)",
				);
				GCC_WARN_64_TO_32_BIT_CONVERSION = YES;
				GCC_WARN_ABOUT_RETURN_TYPE = YES_ERROR;
				GCC_WARN_UNDECLARED_SELECTOR = YES;
				GCC_WARN_UNINITIALIZED_AUTOS = YES_AGGRESSIVE;
				GCC_WARN_UNUSED_FUNCTION = YES;
				GCC_WARN_UNUSED_VARIABLE = YES;
				MTL_ENABLE_DEBUG_INFO = INCLUDE_SOURCE;
				MTL_FAST_MATH = YES;
				ONLY_ACTIVE_ARCH = YES;
				SWIFT_ACTIVE_COMPILATION_CONDITIONS = DEBUG;
				SWIFT_OPTIMIZATION_LEVEL = "-Onone";
			};
			name = Debug;
		};
		B3AA494629A52831002D40C3 /* Release */ = {
			isa = XCBuildConfiguration;
			buildSettings = {
				ALWAYS_SEARCH_USER_PATHS = NO;
				CLANG_ANALYZER_NONNULL = YES;
				CLANG_ANALYZER_NUMBER_OBJECT_CONVERSION = YES_AGGRESSIVE;
				CLANG_CXX_LANGUAGE_STANDARD = "gnu++20";
				CLANG_ENABLE_MODULES = YES;
				CLANG_ENABLE_OBJC_ARC = YES;
				CLANG_ENABLE_OBJC_WEAK = YES;
				CLANG_WARN_BLOCK_CAPTURE_AUTORELEASING = YES;
				CLANG_WARN_BOOL_CONVERSION = YES;
				CLANG_WARN_COMMA = YES;
				CLANG_WARN_CONSTANT_CONVERSION = YES;
				CLANG_WARN_DEPRECATED_OBJC_IMPLEMENTATIONS = YES;
				CLANG_WARN_DIRECT_OBJC_ISA_USAGE = YES_ERROR;
				CLANG_WARN_DOCUMENTATION_COMMENTS = YES;
				CLANG_WARN_EMPTY_BODY = YES;
				CLANG_WARN_ENUM_CONVERSION = YES;
				CLANG_WARN_INFINITE_RECURSION = YES;
				CLANG_WARN_INT_CONVERSION = YES;
				CLANG_WARN_NON_LITERAL_NULL_CONVERSION = YES;
				CLANG_WARN_OBJC_IMPLICIT_RETAIN_SELF = YES;
				CLANG_WARN_OBJC_LITERAL_CONVERSION = YES;
				CLANG_WARN_OBJC_ROOT_CLASS = YES_ERROR;
				CLANG_WARN_QUOTED_INCLUDE_IN_FRAMEWORK_HEADER = YES;
				CLANG_WARN_RANGE_LOOP_ANALYSIS = YES;
				CLANG_WARN_STRICT_PROTOTYPES = YES;
				CLANG_WARN_SUSPICIOUS_MOVE = YES;
				CLANG_WARN_UNGUARDED_AVAILABILITY = YES_AGGRESSIVE;
				CLANG_WARN_UNREACHABLE_CODE = YES;
				CLANG_WARN__DUPLICATE_METHOD_MATCH = YES;
				COPY_PHASE_STRIP = NO;
				DEBUG_INFORMATION_FORMAT = "dwarf-with-dsym";
				ENABLE_NS_ASSERTIONS = NO;
				ENABLE_STRICT_OBJC_MSGSEND = YES;
				GCC_C_LANGUAGE_STANDARD = gnu11;
				GCC_NO_COMMON_BLOCKS = YES;
				GCC_WARN_64_TO_32_BIT_CONVERSION = YES;
				GCC_WARN_ABOUT_RETURN_TYPE = YES_ERROR;
				GCC_WARN_UNDECLARED_SELECTOR = YES;
				GCC_WARN_UNINITIALIZED_AUTOS = YES_AGGRESSIVE;
				GCC_WARN_UNUSED_FUNCTION = YES;
				GCC_WARN_UNUSED_VARIABLE = YES;
				MTL_ENABLE_DEBUG_INFO = NO;
				MTL_FAST_MATH = YES;
				SWIFT_COMPILATION_MODE = wholemodule;
				SWIFT_OPTIMIZATION_LEVEL = "-O";
			};
			name = Release;
		};
		B3AA494829A52831002D40C3 /* Debug */ = {
			isa = XCBuildConfiguration;
			buildSettings = {
				ASSETCATALOG_COMPILER_APPICON_NAME = AppIcon;
				ASSETCATALOG_COMPILER_GLOBAL_ACCENT_COLOR_NAME = AccentColor;
				CODE_SIGN_ENTITLEMENTS = KeychainSyncDemo/KeychainSyncDemo.entitlements;
				CODE_SIGN_STYLE = Automatic;
				CURRENT_PROJECT_VERSION = 1;
				DEVELOPMENT_ASSET_PATHS = "\"KeychainSyncDemo/Preview Content\"";
				DEVELOPMENT_TEAM = MLT7M394S7;
				ENABLE_HARDENED_RUNTIME = YES;
				ENABLE_PREVIEWS = YES;
				GENERATE_INFOPLIST_FILE = YES;
				"INFOPLIST_KEY_UIApplicationSceneManifest_Generation[sdk=iphoneos*]" = YES;
				"INFOPLIST_KEY_UIApplicationSceneManifest_Generation[sdk=iphonesimulator*]" = YES;
				"INFOPLIST_KEY_UIApplicationSupportsIndirectInputEvents[sdk=iphoneos*]" = YES;
				"INFOPLIST_KEY_UIApplicationSupportsIndirectInputEvents[sdk=iphonesimulator*]" = YES;
				"INFOPLIST_KEY_UILaunchScreen_Generation[sdk=iphoneos*]" = YES;
				"INFOPLIST_KEY_UILaunchScreen_Generation[sdk=iphonesimulator*]" = YES;
				"INFOPLIST_KEY_UIStatusBarStyle[sdk=iphoneos*]" = UIStatusBarStyleDefault;
				"INFOPLIST_KEY_UIStatusBarStyle[sdk=iphonesimulator*]" = UIStatusBarStyleDefault;
				INFOPLIST_KEY_UISupportedInterfaceOrientations_iPad = "UIInterfaceOrientationPortrait UIInterfaceOrientationPortraitUpsideDown UIInterfaceOrientationLandscapeLeft UIInterfaceOrientationLandscapeRight";
				INFOPLIST_KEY_UISupportedInterfaceOrientations_iPhone = "UIInterfaceOrientationPortrait UIInterfaceOrientationLandscapeLeft UIInterfaceOrientationLandscapeRight";
				IPHONEOS_DEPLOYMENT_TARGET = 16.2;
				LD_RUNPATH_SEARCH_PATHS = "@executable_path/Frameworks";
				"LD_RUNPATH_SEARCH_PATHS[sdk=macosx*]" = "@executable_path/../Frameworks";
				MACOSX_DEPLOYMENT_TARGET = 13.1;
				MARKETING_VERSION = 1.0;
				PRODUCT_BUNDLE_IDENTIFIER = com.brightdigit.KeychainSyncDemo;
				PRODUCT_NAME = "$(TARGET_NAME)";
				SDKROOT = auto;
				SUPPORTED_PLATFORMS = "iphoneos iphonesimulator macosx";
				SWIFT_EMIT_LOC_STRINGS = YES;
				SWIFT_VERSION = 5.0;
				TARGETED_DEVICE_FAMILY = "1,2";
			};
			name = Debug;
		};
		B3AA494929A52831002D40C3 /* Release */ = {
			isa = XCBuildConfiguration;
			buildSettings = {
				ASSETCATALOG_COMPILER_APPICON_NAME = AppIcon;
				ASSETCATALOG_COMPILER_GLOBAL_ACCENT_COLOR_NAME = AccentColor;
				CODE_SIGN_ENTITLEMENTS = KeychainSyncDemo/KeychainSyncDemo.entitlements;
				CODE_SIGN_STYLE = Automatic;
				CURRENT_PROJECT_VERSION = 1;
				DEVELOPMENT_ASSET_PATHS = "\"KeychainSyncDemo/Preview Content\"";
				DEVELOPMENT_TEAM = MLT7M394S7;
				ENABLE_HARDENED_RUNTIME = YES;
				ENABLE_PREVIEWS = YES;
				GENERATE_INFOPLIST_FILE = YES;
				"INFOPLIST_KEY_UIApplicationSceneManifest_Generation[sdk=iphoneos*]" = YES;
				"INFOPLIST_KEY_UIApplicationSceneManifest_Generation[sdk=iphonesimulator*]" = YES;
				"INFOPLIST_KEY_UIApplicationSupportsIndirectInputEvents[sdk=iphoneos*]" = YES;
				"INFOPLIST_KEY_UIApplicationSupportsIndirectInputEvents[sdk=iphonesimulator*]" = YES;
				"INFOPLIST_KEY_UILaunchScreen_Generation[sdk=iphoneos*]" = YES;
				"INFOPLIST_KEY_UILaunchScreen_Generation[sdk=iphonesimulator*]" = YES;
				"INFOPLIST_KEY_UIStatusBarStyle[sdk=iphoneos*]" = UIStatusBarStyleDefault;
				"INFOPLIST_KEY_UIStatusBarStyle[sdk=iphonesimulator*]" = UIStatusBarStyleDefault;
				INFOPLIST_KEY_UISupportedInterfaceOrientations_iPad = "UIInterfaceOrientationPortrait UIInterfaceOrientationPortraitUpsideDown UIInterfaceOrientationLandscapeLeft UIInterfaceOrientationLandscapeRight";
				INFOPLIST_KEY_UISupportedInterfaceOrientations_iPhone = "UIInterfaceOrientationPortrait UIInterfaceOrientationLandscapeLeft UIInterfaceOrientationLandscapeRight";
				IPHONEOS_DEPLOYMENT_TARGET = 16.2;
				LD_RUNPATH_SEARCH_PATHS = "@executable_path/Frameworks";
				"LD_RUNPATH_SEARCH_PATHS[sdk=macosx*]" = "@executable_path/../Frameworks";
				MACOSX_DEPLOYMENT_TARGET = 13.1;
				MARKETING_VERSION = 1.0;
				PRODUCT_BUNDLE_IDENTIFIER = com.brightdigit.KeychainSyncDemo;
				PRODUCT_NAME = "$(TARGET_NAME)";
				SDKROOT = auto;
				SUPPORTED_PLATFORMS = "iphoneos iphonesimulator macosx";
				SWIFT_EMIT_LOC_STRINGS = YES;
				SWIFT_VERSION = 5.0;
				TARGETED_DEVICE_FAMILY = "1,2";
			};
			name = Release;
		};
		B3AA495A29A52852002D40C3 /* Debug */ = {
			isa = XCBuildConfiguration;
			buildSettings = {
				ASSETCATALOG_COMPILER_APPICON_NAME = AppIcon;
				ASSETCATALOG_COMPILER_GLOBAL_ACCENT_COLOR_NAME = AccentColor;
				CODE_SIGN_ENTITLEMENTS = "KeychainSyncDemoWatch Watch App/KeychainSyncDemoWatch Watch App.entitlements";
				CODE_SIGN_STYLE = Automatic;
				CURRENT_PROJECT_VERSION = 1;
				DEVELOPMENT_ASSET_PATHS = "\"KeychainSyncDemoWatch Watch App/Preview Content\"";
				DEVELOPMENT_TEAM = MLT7M394S7;
				ENABLE_PREVIEWS = YES;
				GENERATE_INFOPLIST_FILE = YES;
				INFOPLIST_KEY_CFBundleDisplayName = KeychainSyncDemoWatch;
				INFOPLIST_KEY_UISupportedInterfaceOrientations = "UIInterfaceOrientationPortrait UIInterfaceOrientationPortraitUpsideDown";
				INFOPLIST_KEY_WKCompanionAppBundleIdentifier = "";
				INFOPLIST_KEY_WKRunsIndependentlyOfCompanionApp = YES;
				LD_RUNPATH_SEARCH_PATHS = (
					"$(inherited)",
					"@executable_path/Frameworks",
				);
				MARKETING_VERSION = 1.0;
				PRODUCT_BUNDLE_IDENTIFIER = .watchkitapp;
				PRODUCT_NAME = "$(TARGET_NAME)";
				SDKROOT = watchos;
				SKIP_INSTALL = YES;
				SWIFT_EMIT_LOC_STRINGS = YES;
				SWIFT_VERSION = 5.0;
				TARGETED_DEVICE_FAMILY = 4;
				WATCHOS_DEPLOYMENT_TARGET = 9.1;
			};
			name = Debug;
		};
		B3AA495B29A52852002D40C3 /* Release */ = {
			isa = XCBuildConfiguration;
			buildSettings = {
				ASSETCATALOG_COMPILER_APPICON_NAME = AppIcon;
				ASSETCATALOG_COMPILER_GLOBAL_ACCENT_COLOR_NAME = AccentColor;
				CODE_SIGN_ENTITLEMENTS = "KeychainSyncDemoWatch Watch App/KeychainSyncDemoWatch Watch App.entitlements";
				CODE_SIGN_STYLE = Automatic;
				CURRENT_PROJECT_VERSION = 1;
				DEVELOPMENT_ASSET_PATHS = "\"KeychainSyncDemoWatch Watch App/Preview Content\"";
				DEVELOPMENT_TEAM = MLT7M394S7;
				ENABLE_PREVIEWS = YES;
				GENERATE_INFOPLIST_FILE = YES;
				INFOPLIST_KEY_CFBundleDisplayName = KeychainSyncDemoWatch;
				INFOPLIST_KEY_UISupportedInterfaceOrientations = "UIInterfaceOrientationPortrait UIInterfaceOrientationPortraitUpsideDown";
				INFOPLIST_KEY_WKCompanionAppBundleIdentifier = "";
				INFOPLIST_KEY_WKRunsIndependentlyOfCompanionApp = YES;
				LD_RUNPATH_SEARCH_PATHS = (
					"$(inherited)",
					"@executable_path/Frameworks",
				);
				MARKETING_VERSION = 1.0;
				PRODUCT_BUNDLE_IDENTIFIER = .watchkitapp;
				PRODUCT_NAME = "$(TARGET_NAME)";
				SDKROOT = watchos;
				SKIP_INSTALL = YES;
				SWIFT_EMIT_LOC_STRINGS = YES;
				SWIFT_VERSION = 5.0;
				TARGETED_DEVICE_FAMILY = 4;
				VALIDATE_PRODUCT = YES;
				WATCHOS_DEPLOYMENT_TARGET = 9.1;
			};
			name = Release;
		};
/* End XCBuildConfiguration section */

/* Begin XCConfigurationList section */
		B3AA493329A5282F002D40C3 /* Build configuration list for PBXProject "KeychainSyncDemo" */ = {
			isa = XCConfigurationList;
			buildConfigurations = (
				B3AA494529A52831002D40C3 /* Debug */,
				B3AA494629A52831002D40C3 /* Release */,
			);
			defaultConfigurationIsVisible = 0;
			defaultConfigurationName = Release;
		};
		B3AA494729A52831002D40C3 /* Build configuration list for PBXNativeTarget "KeychainSyncDemo" */ = {
			isa = XCConfigurationList;
			buildConfigurations = (
				B3AA494829A52831002D40C3 /* Debug */,
				B3AA494929A52831002D40C3 /* Release */,
			);
			defaultConfigurationIsVisible = 0;
			defaultConfigurationName = Release;
		};
		B3AA495929A52852002D40C3 /* Build configuration list for PBXNativeTarget "KeychainSyncDemoWatch Watch App" */ = {
			isa = XCConfigurationList;
			buildConfigurations = (
				B3AA495A29A52852002D40C3 /* Debug */,
				B3AA495B29A52852002D40C3 /* Release */,
			);
			defaultConfigurationIsVisible = 0;
			defaultConfigurationName = Release;
		};
/* End XCConfigurationList section */

/* Begin XCSwiftPackageProductDependency section */
		B39BF14D29A53D50009BBCAC /* FloxBxAuth */ = {
			isa = XCSwiftPackageProductDependency;
			productName = FloxBxAuth;
		};
		B39BF14F29A53D55009BBCAC /* FloxBxAuth */ = {
			isa = XCSwiftPackageProductDependency;
			productName = FloxBxAuth;
		};
/* End XCSwiftPackageProductDependency section */
	};
	rootObject = B3AA493029A5282F002D40C3 /* Project object */;
}
