// !$*UTF8*$!
{
	archiveVersion = 1;
	classes = {
	};
	objectVersion = 56;
	objects = {

/* Begin PBXBuildFile section */
		B300756D29D76B4D0050778D /* CompositeStealthyView.swift in Sources */ = {isa = PBXBuildFile; fileRef = B300756C29D76B4D0050778D /* CompositeStealthyView.swift */; };
		B300756E29D76B4D0050778D /* CompositeStealthyView.swift in Sources */ = {isa = PBXBuildFile; fileRef = B300756C29D76B4D0050778D /* CompositeStealthyView.swift */; };
		B300757029D76BE30050778D /* CompositeStealthyObject.swift in Sources */ = {isa = PBXBuildFile; fileRef = B300756F29D76BE30050778D /* CompositeStealthyObject.swift */; };
		B300757129D76BE30050778D /* CompositeStealthyObject.swift in Sources */ = {isa = PBXBuildFile; fileRef = B300756F29D76BE30050778D /* CompositeStealthyObject.swift */; };
		B31EAE4529A8F820004C4A56 /* ContentView.swift in Sources */ = {isa = PBXBuildFile; fileRef = B31EAE4429A8F820004C4A56 /* ContentView.swift */; };
		B31EAE4D29A915E2004C4A56 /* InternetPasswordData.swift in Sources */ = {isa = PBXBuildFile; fileRef = B31EAE4C29A915E2004C4A56 /* InternetPasswordData.swift */; };
		B322978D29CD1E7E006CCAEE /* CredentialPropertyObject.swift in Sources */ = {isa = PBXBuildFile; fileRef = B322978C29CD1E7E006CCAEE /* CredentialPropertyObject.swift */; };
		B322978F29CD1F50006CCAEE /* PreviewRepository.swift in Sources */ = {isa = PBXBuildFile; fileRef = B322978E29CD1F50006CCAEE /* PreviewRepository.swift */; };
		B322979129CD1F69006CCAEE /* StealthyStash in Frameworks */ = {isa = PBXBuildFile; productRef = B322979029CD1F69006CCAEE /* StealthyStash */; };
		B322979429CD21BA006CCAEE /* SampleEntry.swift in Sources */ = {isa = PBXBuildFile; fileRef = B322979229CD2079006CCAEE /* SampleEntry.swift */; };
		B34ADDBC29AF84750072B59F /* CredentialPropertyRootView.swift in Sources */ = {isa = PBXBuildFile; fileRef = B34ADDB329AF84750072B59F /* CredentialPropertyRootView.swift */; };
		B34ADDC129AF84750072B59F /* CredentialPropertyListObject.swift in Sources */ = {isa = PBXBuildFile; fileRef = B34ADDB829AF84750072B59F /* CredentialPropertyListObject.swift */; };
		B34ADDD129AF86AB0072B59F /* CredentialPropertyFormContentView.swift in Sources */ = {isa = PBXBuildFile; fileRef = B34ADDD029AF86AB0072B59F /* CredentialPropertyFormContentView.swift */; };
		B34ADDD329AF87F00072B59F /* CredentialPropertyList.swift in Sources */ = {isa = PBXBuildFile; fileRef = B34ADDD229AF87F00072B59F /* CredentialPropertyList.swift */; };
		B34ADDD629AF886C0072B59F /* CredentialPropertyView.swift in Sources */ = {isa = PBXBuildFile; fileRef = B34ADDD529AF886C0072B59F /* CredentialPropertyView.swift */; };
		B34ADDE929B00B550072B59F /* CredentialPropertyView.swift in Sources */ = {isa = PBXBuildFile; fileRef = B34ADDD529AF886C0072B59F /* CredentialPropertyView.swift */; };
		B34ADDEA29B00B550072B59F /* CredentialPropertyFormContentView.swift in Sources */ = {isa = PBXBuildFile; fileRef = B34ADDD029AF86AB0072B59F /* CredentialPropertyFormContentView.swift */; };
		B34ADDED29B00B550072B59F /* CredentialPropertyListObject.swift in Sources */ = {isa = PBXBuildFile; fileRef = B34ADDB829AF84750072B59F /* CredentialPropertyListObject.swift */; };
		B34ADDEE29B00B550072B59F /* ContentView.swift in Sources */ = {isa = PBXBuildFile; fileRef = B31EAE4429A8F820004C4A56 /* ContentView.swift */; };
		B34ADDF129B00B550072B59F /* CredentialPropertyRootView.swift in Sources */ = {isa = PBXBuildFile; fileRef = B34ADDB329AF84750072B59F /* CredentialPropertyRootView.swift */; };
		B34ADDF229B00B550072B59F /* CredentialPropertyList.swift in Sources */ = {isa = PBXBuildFile; fileRef = B34ADDD229AF87F00072B59F /* CredentialPropertyList.swift */; };
		B34ADDF529B00B760072B59F /* InternetPasswordData.swift in Sources */ = {isa = PBXBuildFile; fileRef = B31EAE4C29A915E2004C4A56 /* InternetPasswordData.swift */; };
		B353398B29B7D783006FF22B /* KeychainSyncDemoUITests.swift in Sources */ = {isa = PBXBuildFile; fileRef = B353398A29B7D783006FF22B /* KeychainSyncDemoUITests.swift */; };
		B369E21329CB9FD7007C4155 /* SettingsView.swift in Sources */ = {isa = PBXBuildFile; fileRef = B3D6C71429C8918B00236D8B /* SettingsView.swift */; };
		B369E21529CBCEF1007C4155 /* CompositeStealthyBuilder.swift in Sources */ = {isa = PBXBuildFile; fileRef = B369E21429CBCEF1007C4155 /* CompositeStealthyBuilder.swift */; };
		B39BF15429A6C116009BBCAC /* KeychainSyncDemoApp.swift in Sources */ = {isa = PBXBuildFile; fileRef = B3AA493B29A5282F002D40C3 /* KeychainSyncDemoApp.swift */; };
		B3A2637F29B2B75500CC36B4 /* CompositeCredentials.swift in Sources */ = {isa = PBXBuildFile; fileRef = B3A2636F29B2B75400CC36B4 /* CompositeCredentials.swift */; };
		B3A2638029B2B75500CC36B4 /* CompositeCredentials.swift in Sources */ = {isa = PBXBuildFile; fileRef = B3A2636F29B2B75400CC36B4 /* CompositeCredentials.swift */; };
		B3A2639D29B2B75500CC36B4 /* CompositeCredentialsQueryBuilder.swift in Sources */ = {isa = PBXBuildFile; fileRef = B3A2637E29B2B75400CC36B4 /* CompositeCredentialsQueryBuilder.swift */; };
		B3A2639E29B2B75500CC36B4 /* CompositeCredentialsQueryBuilder.swift in Sources */ = {isa = PBXBuildFile; fileRef = B3A2637E29B2B75400CC36B4 /* CompositeCredentialsQueryBuilder.swift */; };
		B3AA493C29A5282F002D40C3 /* KeychainSyncDemoApp.swift in Sources */ = {isa = PBXBuildFile; fileRef = B3AA493B29A5282F002D40C3 /* KeychainSyncDemoApp.swift */; };
		B3AA494029A52831002D40C3 /* Assets.xcassets in Resources */ = {isa = PBXBuildFile; fileRef = B3AA493F29A52831002D40C3 /* Assets.xcassets */; };
		B3AA494429A52831002D40C3 /* Preview Assets.xcassets in Resources */ = {isa = PBXBuildFile; fileRef = B3AA494329A52831002D40C3 /* Preview Assets.xcassets */; };
		B3AA495529A52852002D40C3 /* Assets.xcassets in Resources */ = {isa = PBXBuildFile; fileRef = B3AA495429A52852002D40C3 /* Assets.xcassets */; };
		B3AA495829A52852002D40C3 /* Preview Assets.xcassets in Resources */ = {isa = PBXBuildFile; fileRef = B3AA495729A52852002D40C3 /* Preview Assets.xcassets */; };
		B3B40E8829CD1DCB00015C54 /* StealthyStash in Frameworks */ = {isa = PBXBuildFile; productRef = B3B40E8729CD1DCB00015C54 /* StealthyStash */; };
		B3B40E8A29CD1DD400015C54 /* StealthyStash in Frameworks */ = {isa = PBXBuildFile; productRef = B3B40E8929CD1DD400015C54 /* StealthyStash */; };
		B3B7089F29D356D5009D5BFE /* StealthyPropertyBuilder.swift in Sources */ = {isa = PBXBuildFile; fileRef = B3B7089E29D356D5009D5BFE /* StealthyPropertyBuilder.swift */; };
		B3D3668829CA83F6002A87AC /* URL.swift in Sources */ = {isa = PBXBuildFile; fileRef = B3D3668729CA83F6002A87AC /* URL.swift */; };
		B3D6C71529C8918B00236D8B /* SettingsView.swift in Sources */ = {isa = PBXBuildFile; fileRef = B3D6C71429C8918B00236D8B /* SettingsView.swift */; };
		B3DA8B4029D65CC100627444 /* StealthyPropertyBuilder.swift in Sources */ = {isa = PBXBuildFile; fileRef = B3B7089E29D356D5009D5BFE /* StealthyPropertyBuilder.swift */; };
		B3DBC2CC29CEA2750039ED78 /* String.swift in Sources */ = {isa = PBXBuildFile; fileRef = B3DBC2CA29CEA2750039ED78 /* String.swift */; };
		B3DBC2CD29CEA2750039ED78 /* Data.swift in Sources */ = {isa = PBXBuildFile; fileRef = B3DBC2CB29CEA2750039ED78 /* Data.swift */; };
		B3F984FA29B0009200C0266F /* credential-properties.json in Resources */ = {isa = PBXBuildFile; fileRef = B3F984F929B0009200C0266F /* credential-properties.json */; };
		B3F984FB29B0009200C0266F /* credential-properties.json in Resources */ = {isa = PBXBuildFile; fileRef = B3F984F929B0009200C0266F /* credential-properties.json */; };
/* End PBXBuildFile section */

/* Begin PBXContainerItemProxy section */
		B353398E29B7D783006FF22B /* PBXContainerItemProxy */ = {
			isa = PBXContainerItemProxy;
			containerPortal = B3AA493029A5282F002D40C3 /* Project object */;
			proxyType = 1;
			remoteGlobalIDString = B3AA493729A5282F002D40C3;
			remoteInfo = KeychainSyncDemo;
		};
/* End PBXContainerItemProxy section */

/* Begin PBXFileReference section */
		B300756C29D76B4D0050778D /* CompositeStealthyView.swift */ = {isa = PBXFileReference; fileEncoding = 4; lastKnownFileType = sourcecode.swift; path = CompositeStealthyView.swift; sourceTree = "<group>"; };
		B300756F29D76BE30050778D /* CompositeStealthyObject.swift */ = {isa = PBXFileReference; fileEncoding = 4; lastKnownFileType = sourcecode.swift; path = CompositeStealthyObject.swift; sourceTree = "<group>"; };
		B31EAE4429A8F820004C4A56 /* ContentView.swift */ = {isa = PBXFileReference; lastKnownFileType = sourcecode.swift; path = ContentView.swift; sourceTree = "<group>"; };
		B31EAE4C29A915E2004C4A56 /* InternetPasswordData.swift */ = {isa = PBXFileReference; lastKnownFileType = sourcecode.swift; path = InternetPasswordData.swift; sourceTree = "<group>"; };
		B322978C29CD1E7E006CCAEE /* CredentialPropertyObject.swift */ = {isa = PBXFileReference; fileEncoding = 4; lastKnownFileType = sourcecode.swift; path = CredentialPropertyObject.swift; sourceTree = "<group>"; };
		B322978E29CD1F50006CCAEE /* PreviewRepository.swift */ = {isa = PBXFileReference; fileEncoding = 4; lastKnownFileType = sourcecode.swift; path = PreviewRepository.swift; sourceTree = "<group>"; };
		B322979229CD2079006CCAEE /* SampleEntry.swift */ = {isa = PBXFileReference; lastKnownFileType = sourcecode.swift; path = SampleEntry.swift; sourceTree = "<group>"; };
		B34ADDB329AF84750072B59F /* CredentialPropertyRootView.swift */ = {isa = PBXFileReference; fileEncoding = 4; lastKnownFileType = sourcecode.swift; path = CredentialPropertyRootView.swift; sourceTree = "<group>"; };
		B34ADDB829AF84750072B59F /* CredentialPropertyListObject.swift */ = {isa = PBXFileReference; fileEncoding = 4; lastKnownFileType = sourcecode.swift; path = CredentialPropertyListObject.swift; sourceTree = "<group>"; };
		B34ADDD029AF86AB0072B59F /* CredentialPropertyFormContentView.swift */ = {isa = PBXFileReference; lastKnownFileType = sourcecode.swift; path = CredentialPropertyFormContentView.swift; sourceTree = "<group>"; };
		B34ADDD229AF87F00072B59F /* CredentialPropertyList.swift */ = {isa = PBXFileReference; lastKnownFileType = sourcecode.swift; path = CredentialPropertyList.swift; sourceTree = "<group>"; };
		B34ADDD529AF886C0072B59F /* CredentialPropertyView.swift */ = {isa = PBXFileReference; fileEncoding = 4; lastKnownFileType = sourcecode.swift; path = CredentialPropertyView.swift; sourceTree = "<group>"; };
		B353398829B7D783006FF22B /* StealthyStashDemoUITests.xctest */ = {isa = PBXFileReference; explicitFileType = wrapper.cfbundle; includeInIndex = 0; path = StealthyStashDemoUITests.xctest; sourceTree = BUILT_PRODUCTS_DIR; };
		B353398A29B7D783006FF22B /* KeychainSyncDemoUITests.swift */ = {isa = PBXFileReference; lastKnownFileType = sourcecode.swift; path = KeychainSyncDemoUITests.swift; sourceTree = "<group>"; };
		B369E21429CBCEF1007C4155 /* CompositeStealthyBuilder.swift */ = {isa = PBXFileReference; lastKnownFileType = sourcecode.swift; path = CompositeStealthyBuilder.swift; sourceTree = "<group>"; };
		B39BF14B29A53D37009BBCAC /* KeychainSyncDemoWatch Watch App.entitlements */ = {isa = PBXFileReference; lastKnownFileType = text.plist.entitlements; path = "KeychainSyncDemoWatch Watch App.entitlements"; sourceTree = "<group>"; };
		B3A2636F29B2B75400CC36B4 /* CompositeCredentials.swift */ = {isa = PBXFileReference; fileEncoding = 4; lastKnownFileType = sourcecode.swift; path = CompositeCredentials.swift; sourceTree = "<group>"; };
		B3A2637E29B2B75400CC36B4 /* CompositeCredentialsQueryBuilder.swift */ = {isa = PBXFileReference; fileEncoding = 4; lastKnownFileType = sourcecode.swift; path = CompositeCredentialsQueryBuilder.swift; sourceTree = "<group>"; };
		B3AA493829A5282F002D40C3 /* StealthyStashDemo.app */ = {isa = PBXFileReference; explicitFileType = wrapper.application; includeInIndex = 0; path = StealthyStashDemo.app; sourceTree = BUILT_PRODUCTS_DIR; };
		B3AA493B29A5282F002D40C3 /* KeychainSyncDemoApp.swift */ = {isa = PBXFileReference; lastKnownFileType = sourcecode.swift; path = KeychainSyncDemoApp.swift; sourceTree = "<group>"; };
		B3AA493F29A52831002D40C3 /* Assets.xcassets */ = {isa = PBXFileReference; lastKnownFileType = folder.assetcatalog; path = Assets.xcassets; sourceTree = "<group>"; };
		B3AA494129A52831002D40C3 /* KeychainSyncDemo.entitlements */ = {isa = PBXFileReference; lastKnownFileType = text.plist.entitlements; path = KeychainSyncDemo.entitlements; sourceTree = "<group>"; };
		B3AA494329A52831002D40C3 /* Preview Assets.xcassets */ = {isa = PBXFileReference; lastKnownFileType = folder.assetcatalog; path = "Preview Assets.xcassets"; sourceTree = "<group>"; };
		B3AA494E29A52851002D40C3 /* StealthyStashDemoWatch Watch App.app */ = {isa = PBXFileReference; explicitFileType = wrapper.application; includeInIndex = 0; path = "StealthyStashDemoWatch Watch App.app"; sourceTree = BUILT_PRODUCTS_DIR; };
		B3AA495429A52852002D40C3 /* Assets.xcassets */ = {isa = PBXFileReference; lastKnownFileType = folder.assetcatalog; path = Assets.xcassets; sourceTree = "<group>"; };
		B3AA495729A52852002D40C3 /* Preview Assets.xcassets */ = {isa = PBXFileReference; lastKnownFileType = folder.assetcatalog; path = "Preview Assets.xcassets"; sourceTree = "<group>"; };
		B3B40E8629CD1DB700015C54 /* StealthyStash */ = {isa = PBXFileReference; lastKnownFileType = wrapper; name = StealthyStash; path = ..; sourceTree = "<group>"; };
		B3B7089E29D356D5009D5BFE /* StealthyPropertyBuilder.swift */ = {isa = PBXFileReference; fileEncoding = 4; lastKnownFileType = sourcecode.swift; path = StealthyPropertyBuilder.swift; sourceTree = "<group>"; };
		B3D3668729CA83F6002A87AC /* URL.swift */ = {isa = PBXFileReference; lastKnownFileType = sourcecode.swift; path = URL.swift; sourceTree = "<group>"; };
		B3D6C71429C8918B00236D8B /* SettingsView.swift */ = {isa = PBXFileReference; lastKnownFileType = sourcecode.swift; path = SettingsView.swift; sourceTree = "<group>"; };
		B3DBC2CA29CEA2750039ED78 /* String.swift */ = {isa = PBXFileReference; fileEncoding = 4; lastKnownFileType = sourcecode.swift; path = String.swift; sourceTree = "<group>"; };
		B3DBC2CB29CEA2750039ED78 /* Data.swift */ = {isa = PBXFileReference; fileEncoding = 4; lastKnownFileType = sourcecode.swift; path = Data.swift; sourceTree = "<group>"; };
		B3F984F929B0009200C0266F /* credential-properties.json */ = {isa = PBXFileReference; fileEncoding = 4; lastKnownFileType = text.json; path = "credential-properties.json"; sourceTree = "<group>"; };
/* End PBXFileReference section */

/* Begin PBXFrameworksBuildPhase section */
		B353398529B7D783006FF22B /* Frameworks */ = {
			isa = PBXFrameworksBuildPhase;
			buildActionMask = 2147483647;
			files = (
				B322979129CD1F69006CCAEE /* StealthyStash in Frameworks */,
			);
			runOnlyForDeploymentPostprocessing = 0;
		};
		B3AA493529A5282F002D40C3 /* Frameworks */ = {
			isa = PBXFrameworksBuildPhase;
			buildActionMask = 2147483647;
			files = (
				B3B40E8829CD1DCB00015C54 /* StealthyStash in Frameworks */,
			);
			runOnlyForDeploymentPostprocessing = 0;
		};
		B3AA494B29A52851002D40C3 /* Frameworks */ = {
			isa = PBXFrameworksBuildPhase;
			buildActionMask = 2147483647;
			files = (
				B3B40E8A29CD1DD400015C54 /* StealthyStash in Frameworks */,
			);
			runOnlyForDeploymentPostprocessing = 0;
		};
/* End PBXFrameworksBuildPhase section */

/* Begin PBXGroup section */
		B34ADDD429AF884E0072B59F /* Views */ = {
			isa = PBXGroup;
			children = (
				B300756C29D76B4D0050778D /* CompositeStealthyView.swift */,
				B34ADDD529AF886C0072B59F /* CredentialPropertyView.swift */,
				B34ADDD029AF86AB0072B59F /* CredentialPropertyFormContentView.swift */,
				B34ADDB329AF84750072B59F /* CredentialPropertyRootView.swift */,
				B31EAE4429A8F820004C4A56 /* ContentView.swift */,
				B34ADDD229AF87F00072B59F /* CredentialPropertyList.swift */,
				B3D6C71429C8918B00236D8B /* SettingsView.swift */,
			);
			path = Views;
			sourceTree = "<group>";
		};
		B353398929B7D783006FF22B /* UI Tests */ = {
			isa = PBXGroup;
			children = (
				B322979229CD2079006CCAEE /* SampleEntry.swift */,
				B353398A29B7D783006FF22B /* KeychainSyncDemoUITests.swift */,
				B3D3668729CA83F6002A87AC /* URL.swift */,
			);
			path = "UI Tests";
			sourceTree = "<group>";
		};
		B39BF14C29A53D50009BBCAC /* Frameworks */ = {
			isa = PBXGroup;
			children = (
			);
			name = Frameworks;
			sourceTree = "<group>";
		};
		B3AA492F29A5282F002D40C3 = {
			isa = PBXGroup;
			children = (
				B3B40E8529CD1DB700015C54 /* Packages */,
				B3AA493A29A5282F002D40C3 /* App */,
				B3AA494F29A52851002D40C3 /* Watch App */,
				B353398929B7D783006FF22B /* UI Tests */,
				B3AA493929A5282F002D40C3 /* Products */,
				B39BF14C29A53D50009BBCAC /* Frameworks */,
			);
			sourceTree = "<group>";
		};
		B3AA493929A5282F002D40C3 /* Products */ = {
			isa = PBXGroup;
			children = (
				B3AA493829A5282F002D40C3 /* StealthyStashDemo.app */,
				B3AA494E29A52851002D40C3 /* StealthyStashDemoWatch Watch App.app */,
				B353398829B7D783006FF22B /* StealthyStashDemoUITests.xctest */,
			);
			name = Products;
			sourceTree = "<group>";
		};
		B3AA493A29A5282F002D40C3 /* App */ = {
			isa = PBXGroup;
			children = (
				B300756F29D76BE30050778D /* CompositeStealthyObject.swift */,
				B3AA493F29A52831002D40C3 /* Assets.xcassets */,
				B34ADDD429AF884E0072B59F /* Views */,
				B3A2636F29B2B75400CC36B4 /* CompositeCredentials.swift */,
				B3A2637E29B2B75400CC36B4 /* CompositeCredentialsQueryBuilder.swift */,
				B34ADDB829AF84750072B59F /* CredentialPropertyListObject.swift */,
				B3DBC2CB29CEA2750039ED78 /* Data.swift */,
				B3DBC2CA29CEA2750039ED78 /* String.swift */,
				B3B7089E29D356D5009D5BFE /* StealthyPropertyBuilder.swift */,
				B322978C29CD1E7E006CCAEE /* CredentialPropertyObject.swift */,
				B3AA494129A52831002D40C3 /* KeychainSyncDemo.entitlements */,
				B3AA493B29A5282F002D40C3 /* KeychainSyncDemoApp.swift */,
				B3AA494229A52831002D40C3 /* Preview Content */,
				B369E21429CBCEF1007C4155 /* CompositeStealthyBuilder.swift */,
			);
			path = App;
			sourceTree = "<group>";
		};
		B3AA494229A52831002D40C3 /* Preview Content */ = {
			isa = PBXGroup;
			children = (
				B322978E29CD1F50006CCAEE /* PreviewRepository.swift */,
				B3F984F929B0009200C0266F /* credential-properties.json */,
				B31EAE4C29A915E2004C4A56 /* InternetPasswordData.swift */,
				B3AA494329A52831002D40C3 /* Preview Assets.xcassets */,
			);
			path = "Preview Content";
			sourceTree = "<group>";
		};
		B3AA494F29A52851002D40C3 /* Watch App */ = {
			isa = PBXGroup;
			children = (
				B39BF14B29A53D37009BBCAC /* KeychainSyncDemoWatch Watch App.entitlements */,
				B3AA495429A52852002D40C3 /* Assets.xcassets */,
				B3AA495629A52852002D40C3 /* Preview Content */,
			);
			path = "Watch App";
			sourceTree = "<group>";
		};
		B3AA495629A52852002D40C3 /* Preview Content */ = {
			isa = PBXGroup;
			children = (
				B3AA495729A52852002D40C3 /* Preview Assets.xcassets */,
			);
			path = "Preview Content";
			sourceTree = "<group>";
		};
		B3B40E8529CD1DB700015C54 /* Packages */ = {
			isa = PBXGroup;
			children = (
				B3B40E8629CD1DB700015C54 /* StealthyStash */,
			);
			name = Packages;
			sourceTree = "<group>";
		};
/* End PBXGroup section */

/* Begin PBXNativeTarget section */
		B353398729B7D783006FF22B /* StealthyStashDemoUITests */ = {
			isa = PBXNativeTarget;
			buildConfigurationList = B353399229B7D783006FF22B /* Build configuration list for PBXNativeTarget "StealthyStashDemoUITests" */;
			buildPhases = (
				B353398429B7D783006FF22B /* Sources */,
				B353398529B7D783006FF22B /* Frameworks */,
				B353398629B7D783006FF22B /* Resources */,
			);
			buildRules = (
			);
			dependencies = (
				B353398F29B7D783006FF22B /* PBXTargetDependency */,
			);
			name = StealthyStashDemoUITests;
			packageProductDependencies = (
				B322979029CD1F69006CCAEE /* StealthyStash */,
			);
			productName = KeychainSyncDemoUITests;
			productReference = B353398829B7D783006FF22B /* StealthyStashDemoUITests.xctest */;
			productType = "com.apple.product-type.bundle.ui-testing";
		};
		B3AA493729A5282F002D40C3 /* StealthyStashDemo */ = {
			isa = PBXNativeTarget;
			buildConfigurationList = B3AA494729A52831002D40C3 /* Build configuration list for PBXNativeTarget "StealthyStashDemo" */;
			buildPhases = (
				B3AA493429A5282F002D40C3 /* Sources */,
				B3AA493529A5282F002D40C3 /* Frameworks */,
				B3AA493629A5282F002D40C3 /* Resources */,
			);
			buildRules = (
			);
			dependencies = (
			);
			name = StealthyStashDemo;
			packageProductDependencies = (
				B3B40E8729CD1DCB00015C54 /* StealthyStash */,
			);
			productName = KeychainSyncDemo;
			productReference = B3AA493829A5282F002D40C3 /* StealthyStashDemo.app */;
			productType = "com.apple.product-type.application";
		};
		B3AA494D29A52851002D40C3 /* StealthyStashDemoWatch Watch App */ = {
			isa = PBXNativeTarget;
			buildConfigurationList = B3AA495929A52852002D40C3 /* Build configuration list for PBXNativeTarget "StealthyStashDemoWatch Watch App" */;
			buildPhases = (
				B3AA494A29A52851002D40C3 /* Sources */,
				B3AA494B29A52851002D40C3 /* Frameworks */,
				B3AA494C29A52851002D40C3 /* Resources */,
			);
			buildRules = (
			);
			dependencies = (
			);
			name = "StealthyStashDemoWatch Watch App";
			packageProductDependencies = (
				B3B40E8929CD1DD400015C54 /* StealthyStash */,
			);
			productName = "KeychainSyncDemoWatch Watch App";
			productReference = B3AA494E29A52851002D40C3 /* StealthyStashDemoWatch Watch App.app */;
			productType = "com.apple.product-type.application";
		};
/* End PBXNativeTarget section */

/* Begin PBXProject section */
		B3AA493029A5282F002D40C3 /* Project object */ = {
			isa = PBXProject;
			attributes = {
				BuildIndependentTargetsInParallel = 1;
				LastSwiftUpdateCheck = 1420;
				LastUpgradeCheck = 1420;
				TargetAttributes = {
					B353398729B7D783006FF22B = {
						CreatedOnToolsVersion = 14.2;
						TestTargetID = B3AA493729A5282F002D40C3;
					};
					B3AA493729A5282F002D40C3 = {
						CreatedOnToolsVersion = 14.2;
					};
					B3AA494D29A52851002D40C3 = {
						CreatedOnToolsVersion = 14.2;
					};
				};
			};
			buildConfigurationList = B3AA493329A5282F002D40C3 /* Build configuration list for PBXProject "StealthyStashDemo" */;
			compatibilityVersion = "Xcode 14.0";
			developmentRegion = en;
			hasScannedForEncodings = 0;
			knownRegions = (
				en,
				Base,
			);
			mainGroup = B3AA492F29A5282F002D40C3;
			productRefGroup = B3AA493929A5282F002D40C3 /* Products */;
			projectDirPath = "";
			projectRoot = "";
			targets = (
				B3AA493729A5282F002D40C3 /* StealthyStashDemo */,
				B3AA494D29A52851002D40C3 /* StealthyStashDemoWatch Watch App */,
				B353398729B7D783006FF22B /* StealthyStashDemoUITests */,
			);
		};
/* End PBXProject section */

/* Begin PBXResourcesBuildPhase section */
		B353398629B7D783006FF22B /* Resources */ = {
			isa = PBXResourcesBuildPhase;
			buildActionMask = 2147483647;
			files = (
			);
			runOnlyForDeploymentPostprocessing = 0;
		};
		B3AA493629A5282F002D40C3 /* Resources */ = {
			isa = PBXResourcesBuildPhase;
			buildActionMask = 2147483647;
			files = (
				B3AA494429A52831002D40C3 /* Preview Assets.xcassets in Resources */,
				B3F984FA29B0009200C0266F /* credential-properties.json in Resources */,
				B3AA494029A52831002D40C3 /* Assets.xcassets in Resources */,
			);
			runOnlyForDeploymentPostprocessing = 0;
		};
		B3AA494C29A52851002D40C3 /* Resources */ = {
			isa = PBXResourcesBuildPhase;
			buildActionMask = 2147483647;
			files = (
				B3F984FB29B0009200C0266F /* credential-properties.json in Resources */,
				B3AA495829A52852002D40C3 /* Preview Assets.xcassets in Resources */,
				B3AA495529A52852002D40C3 /* Assets.xcassets in Resources */,
			);
			runOnlyForDeploymentPostprocessing = 0;
		};
/* End PBXResourcesBuildPhase section */

/* Begin PBXSourcesBuildPhase section */
		B353398429B7D783006FF22B /* Sources */ = {
			isa = PBXSourcesBuildPhase;
			buildActionMask = 2147483647;
			files = (
				B353398B29B7D783006FF22B /* KeychainSyncDemoUITests.swift in Sources */,
				B3D3668829CA83F6002A87AC /* URL.swift in Sources */,
				B322979429CD21BA006CCAEE /* SampleEntry.swift in Sources */,
			);
			runOnlyForDeploymentPostprocessing = 0;
		};
		B3AA493429A5282F002D40C3 /* Sources */ = {
			isa = PBXSourcesBuildPhase;
			buildActionMask = 2147483647;
			files = (
				B3DBC2CC29CEA2750039ED78 /* String.swift in Sources */,
				B3AA493C29A5282F002D40C3 /* KeychainSyncDemoApp.swift in Sources */,
				B34ADDD129AF86AB0072B59F /* CredentialPropertyFormContentView.swift in Sources */,
				B3A2639D29B2B75500CC36B4 /* CompositeCredentialsQueryBuilder.swift in Sources */,
				B322978D29CD1E7E006CCAEE /* CredentialPropertyObject.swift in Sources */,
				B322978F29CD1F50006CCAEE /* PreviewRepository.swift in Sources */,
				B34ADDD329AF87F00072B59F /* CredentialPropertyList.swift in Sources */,
				B3A2637F29B2B75500CC36B4 /* CompositeCredentials.swift in Sources */,
				B34ADDD629AF886C0072B59F /* CredentialPropertyView.swift in Sources */,
				B3DBC2CD29CEA2750039ED78 /* Data.swift in Sources */,
				B34ADDBC29AF84750072B59F /* CredentialPropertyRootView.swift in Sources */,
				B3B7089F29D356D5009D5BFE /* StealthyPropertyBuilder.swift in Sources */,
				B369E21529CBCEF1007C4155 /* CompositeStealthyBuilder.swift in Sources */,
				B300757029D76BE30050778D /* CompositeStealthyObject.swift in Sources */,
				B300756D29D76B4D0050778D /* CompositeStealthyView.swift in Sources */,
				B31EAE4D29A915E2004C4A56 /* InternetPasswordData.swift in Sources */,
				B31EAE4529A8F820004C4A56 /* ContentView.swift in Sources */,
				B34ADDC129AF84750072B59F /* CredentialPropertyListObject.swift in Sources */,
				B3D6C71529C8918B00236D8B /* SettingsView.swift in Sources */,
			);
			runOnlyForDeploymentPostprocessing = 0;
		};
		B3AA494A29A52851002D40C3 /* Sources */ = {
			isa = PBXSourcesBuildPhase;
			buildActionMask = 2147483647;
			files = (
				B300756E29D76B4D0050778D /* CompositeStealthyView.swift in Sources */,
				B3A2638029B2B75500CC36B4 /* CompositeCredentials.swift in Sources */,
				B300757129D76BE30050778D /* CompositeStealthyObject.swift in Sources */,
				B3A2639E29B2B75500CC36B4 /* CompositeCredentialsQueryBuilder.swift in Sources */,
				B34ADDE929B00B550072B59F /* CredentialPropertyView.swift in Sources */,
				B39BF15429A6C116009BBCAC /* KeychainSyncDemoApp.swift in Sources */,
				B34ADDED29B00B550072B59F /* CredentialPropertyListObject.swift in Sources */,
				B34ADDF129B00B550072B59F /* CredentialPropertyRootView.swift in Sources */,
				B3DA8B4029D65CC100627444 /* StealthyPropertyBuilder.swift in Sources */,
				B369E21329CB9FD7007C4155 /* SettingsView.swift in Sources */,
				B34ADDEA29B00B550072B59F /* CredentialPropertyFormContentView.swift in Sources */,
				B34ADDEE29B00B550072B59F /* ContentView.swift in Sources */,
				B34ADDF529B00B760072B59F /* InternetPasswordData.swift in Sources */,
				B34ADDF229B00B550072B59F /* CredentialPropertyList.swift in Sources */,
			);
			runOnlyForDeploymentPostprocessing = 0;
		};
/* End PBXSourcesBuildPhase section */

/* Begin PBXTargetDependency section */
		B353398F29B7D783006FF22B /* PBXTargetDependency */ = {
			isa = PBXTargetDependency;
			target = B3AA493729A5282F002D40C3 /* StealthyStashDemo */;
			targetProxy = B353398E29B7D783006FF22B /* PBXContainerItemProxy */;
		};
/* End PBXTargetDependency section */

/* Begin XCBuildConfiguration section */
		B353399029B7D783006FF22B /* Debug */ = {
			isa = XCBuildConfiguration;
			buildSettings = {
				CODE_SIGN_STYLE = Automatic;
				CURRENT_PROJECT_VERSION = 1;
				DEVELOPMENT_TEAM = MLT7M394S7;
				GENERATE_INFOPLIST_FILE = YES;
				IPHONEOS_DEPLOYMENT_TARGET = 16.2;
				MARKETING_VERSION = 1.0;
				PRODUCT_BUNDLE_IDENTIFIER = com.BrightDigit.KeychainSyncDemoUITests;
				PRODUCT_NAME = "$(TARGET_NAME)";
				SDKROOT = iphoneos;
				SUPPORTED_PLATFORMS = "iphoneos iphonesimulator macosx watchos watchsimulator";
				SUPPORTS_MACCATALYST = YES;
				SUPPORTS_MAC_DESIGNED_FOR_IPHONE_IPAD = YES;
				SWIFT_EMIT_LOC_STRINGS = NO;
				SWIFT_VERSION = 5.0;
				TARGETED_DEVICE_FAMILY = "1,2,4";
				TEST_TARGET_NAME = StealthyStashDemo;
			};
			name = Debug;
		};
		B353399129B7D783006FF22B /* Release */ = {
			isa = XCBuildConfiguration;
			buildSettings = {
				CODE_SIGN_STYLE = Automatic;
				CURRENT_PROJECT_VERSION = 1;
				DEVELOPMENT_TEAM = MLT7M394S7;
				GENERATE_INFOPLIST_FILE = YES;
				IPHONEOS_DEPLOYMENT_TARGET = 16.2;
				MARKETING_VERSION = 1.0;
				PRODUCT_BUNDLE_IDENTIFIER = com.BrightDigit.KeychainSyncDemoUITests;
				PRODUCT_NAME = "$(TARGET_NAME)";
				SDKROOT = iphoneos;
				SUPPORTED_PLATFORMS = "iphoneos iphonesimulator macosx watchos watchsimulator";
				SUPPORTS_MACCATALYST = YES;
				SUPPORTS_MAC_DESIGNED_FOR_IPHONE_IPAD = YES;
				SWIFT_EMIT_LOC_STRINGS = NO;
				SWIFT_VERSION = 5.0;
				TARGETED_DEVICE_FAMILY = "1,2,4";
				TEST_TARGET_NAME = StealthyStashDemo;
				VALIDATE_PRODUCT = YES;
			};
			name = Release;
		};
		B3AA494529A52831002D40C3 /* Debug */ = {
			isa = XCBuildConfiguration;
			buildSettings = {
				ALWAYS_SEARCH_USER_PATHS = NO;
				CLANG_ANALYZER_NONNULL = YES;
				CLANG_ANALYZER_NUMBER_OBJECT_CONVERSION = YES_AGGRESSIVE;
				CLANG_CXX_LANGUAGE_STANDARD = "gnu++20";
				CLANG_ENABLE_MODULES = YES;
				CLANG_ENABLE_OBJC_ARC = YES;
				CLANG_ENABLE_OBJC_WEAK = YES;
				CLANG_WARN_BLOCK_CAPTURE_AUTORELEASING = YES;
				CLANG_WARN_BOOL_CONVERSION = YES;
				CLANG_WARN_COMMA = YES;
				CLANG_WARN_CONSTANT_CONVERSION = YES;
				CLANG_WARN_DEPRECATED_OBJC_IMPLEMENTATIONS = YES;
				CLANG_WARN_DIRECT_OBJC_ISA_USAGE = YES_ERROR;
				CLANG_WARN_DOCUMENTATION_COMMENTS = YES;
				CLANG_WARN_EMPTY_BODY = YES;
				CLANG_WARN_ENUM_CONVERSION = YES;
				CLANG_WARN_INFINITE_RECURSION = YES;
				CLANG_WARN_INT_CONVERSION = YES;
				CLANG_WARN_NON_LITERAL_NULL_CONVERSION = YES;
				CLANG_WARN_OBJC_IMPLICIT_RETAIN_SELF = YES;
				CLANG_WARN_OBJC_LITERAL_CONVERSION = YES;
				CLANG_WARN_OBJC_ROOT_CLASS = YES_ERROR;
				CLANG_WARN_QUOTED_INCLUDE_IN_FRAMEWORK_HEADER = YES;
				CLANG_WARN_RANGE_LOOP_ANALYSIS = YES;
				CLANG_WARN_STRICT_PROTOTYPES = YES;
				CLANG_WARN_SUSPICIOUS_MOVE = YES;
				CLANG_WARN_UNGUARDED_AVAILABILITY = YES_AGGRESSIVE;
				CLANG_WARN_UNREACHABLE_CODE = YES;
				CLANG_WARN__DUPLICATE_METHOD_MATCH = YES;
				COPY_PHASE_STRIP = NO;
				DEBUG_INFORMATION_FORMAT = dwarf;
				ENABLE_STRICT_OBJC_MSGSEND = YES;
				ENABLE_TESTABILITY = YES;
				GCC_C_LANGUAGE_STANDARD = gnu11;
				GCC_DYNAMIC_NO_PIC = NO;
				GCC_NO_COMMON_BLOCKS = YES;
				GCC_OPTIMIZATION_LEVEL = 0;
				GCC_PREPROCESSOR_DEFINITIONS = (
					"DEBUG=1",
					"$(inherited)",
				);
				GCC_WARN_64_TO_32_BIT_CONVERSION = YES;
				GCC_WARN_ABOUT_RETURN_TYPE = YES_ERROR;
				GCC_WARN_UNDECLARED_SELECTOR = YES;
				GCC_WARN_UNINITIALIZED_AUTOS = YES_AGGRESSIVE;
				GCC_WARN_UNUSED_FUNCTION = YES;
				GCC_WARN_UNUSED_VARIABLE = YES;
				MTL_ENABLE_DEBUG_INFO = INCLUDE_SOURCE;
				MTL_FAST_MATH = YES;
				ONLY_ACTIVE_ARCH = YES;
				SWIFT_ACTIVE_COMPILATION_CONDITIONS = DEBUG;
				SWIFT_OPTIMIZATION_LEVEL = "-Onone";
			};
			name = Debug;
		};
		B3AA494629A52831002D40C3 /* Release */ = {
			isa = XCBuildConfiguration;
			buildSettings = {
				ALWAYS_SEARCH_USER_PATHS = NO;
				CLANG_ANALYZER_NONNULL = YES;
				CLANG_ANALYZER_NUMBER_OBJECT_CONVERSION = YES_AGGRESSIVE;
				CLANG_CXX_LANGUAGE_STANDARD = "gnu++20";
				CLANG_ENABLE_MODULES = YES;
				CLANG_ENABLE_OBJC_ARC = YES;
				CLANG_ENABLE_OBJC_WEAK = YES;
				CLANG_WARN_BLOCK_CAPTURE_AUTORELEASING = YES;
				CLANG_WARN_BOOL_CONVERSION = YES;
				CLANG_WARN_COMMA = YES;
				CLANG_WARN_CONSTANT_CONVERSION = YES;
				CLANG_WARN_DEPRECATED_OBJC_IMPLEMENTATIONS = YES;
				CLANG_WARN_DIRECT_OBJC_ISA_USAGE = YES_ERROR;
				CLANG_WARN_DOCUMENTATION_COMMENTS = YES;
				CLANG_WARN_EMPTY_BODY = YES;
				CLANG_WARN_ENUM_CONVERSION = YES;
				CLANG_WARN_INFINITE_RECURSION = YES;
				CLANG_WARN_INT_CONVERSION = YES;
				CLANG_WARN_NON_LITERAL_NULL_CONVERSION = YES;
				CLANG_WARN_OBJC_IMPLICIT_RETAIN_SELF = YES;
				CLANG_WARN_OBJC_LITERAL_CONVERSION = YES;
				CLANG_WARN_OBJC_ROOT_CLASS = YES_ERROR;
				CLANG_WARN_QUOTED_INCLUDE_IN_FRAMEWORK_HEADER = YES;
				CLANG_WARN_RANGE_LOOP_ANALYSIS = YES;
				CLANG_WARN_STRICT_PROTOTYPES = YES;
				CLANG_WARN_SUSPICIOUS_MOVE = YES;
				CLANG_WARN_UNGUARDED_AVAILABILITY = YES_AGGRESSIVE;
				CLANG_WARN_UNREACHABLE_CODE = YES;
				CLANG_WARN__DUPLICATE_METHOD_MATCH = YES;
				COPY_PHASE_STRIP = NO;
				DEBUG_INFORMATION_FORMAT = "dwarf-with-dsym";
				ENABLE_NS_ASSERTIONS = NO;
				ENABLE_STRICT_OBJC_MSGSEND = YES;
				GCC_C_LANGUAGE_STANDARD = gnu11;
				GCC_NO_COMMON_BLOCKS = YES;
				GCC_WARN_64_TO_32_BIT_CONVERSION = YES;
				GCC_WARN_ABOUT_RETURN_TYPE = YES_ERROR;
				GCC_WARN_UNDECLARED_SELECTOR = YES;
				GCC_WARN_UNINITIALIZED_AUTOS = YES_AGGRESSIVE;
				GCC_WARN_UNUSED_FUNCTION = YES;
				GCC_WARN_UNUSED_VARIABLE = YES;
				MTL_ENABLE_DEBUG_INFO = NO;
				MTL_FAST_MATH = YES;
				SWIFT_COMPILATION_MODE = wholemodule;
				SWIFT_OPTIMIZATION_LEVEL = "-O";
			};
			name = Release;
		};
		B3AA494829A52831002D40C3 /* Debug */ = {
			isa = XCBuildConfiguration;
			buildSettings = {
				ASSETCATALOG_COMPILER_APPICON_NAME = AppIcon;
				ASSETCATALOG_COMPILER_GLOBAL_ACCENT_COLOR_NAME = AccentColor;
				CODE_SIGN_ENTITLEMENTS = App/KeychainSyncDemo.entitlements;
				CODE_SIGN_STYLE = Automatic;
				CURRENT_PROJECT_VERSION = 1;
				DEVELOPMENT_ASSET_PATHS = "\"App/Preview Content\"";
				DEVELOPMENT_TEAM = MLT7M394S7;
				ENABLE_HARDENED_RUNTIME = YES;
				ENABLE_PREVIEWS = YES;
				GENERATE_INFOPLIST_FILE = YES;
				"INFOPLIST_KEY_UIApplicationSceneManifest_Generation[sdk=iphoneos*]" = YES;
				"INFOPLIST_KEY_UIApplicationSceneManifest_Generation[sdk=iphonesimulator*]" = YES;
				"INFOPLIST_KEY_UIApplicationSupportsIndirectInputEvents[sdk=iphoneos*]" = YES;
				"INFOPLIST_KEY_UIApplicationSupportsIndirectInputEvents[sdk=iphonesimulator*]" = YES;
				"INFOPLIST_KEY_UILaunchScreen_Generation[sdk=iphoneos*]" = YES;
				"INFOPLIST_KEY_UILaunchScreen_Generation[sdk=iphonesimulator*]" = YES;
				"INFOPLIST_KEY_UIStatusBarStyle[sdk=iphoneos*]" = UIStatusBarStyleDefault;
				"INFOPLIST_KEY_UIStatusBarStyle[sdk=iphonesimulator*]" = UIStatusBarStyleDefault;
				INFOPLIST_KEY_UISupportedInterfaceOrientations_iPad = "UIInterfaceOrientationPortrait UIInterfaceOrientationPortraitUpsideDown UIInterfaceOrientationLandscapeLeft UIInterfaceOrientationLandscapeRight";
				INFOPLIST_KEY_UISupportedInterfaceOrientations_iPhone = "UIInterfaceOrientationPortrait UIInterfaceOrientationLandscapeLeft UIInterfaceOrientationLandscapeRight";
				IPHONEOS_DEPLOYMENT_TARGET = 16.2;
				LD_RUNPATH_SEARCH_PATHS = "@executable_path/Frameworks";
				"LD_RUNPATH_SEARCH_PATHS[sdk=macosx*]" = "@executable_path/../Frameworks";
				MACOSX_DEPLOYMENT_TARGET = 13.1;
				MARKETING_VERSION = 1.0;
				PRODUCT_BUNDLE_IDENTIFIER = com.brightdigit.KeychainSyncDemo;
				PRODUCT_NAME = "$(TARGET_NAME)";
				SDKROOT = auto;
				SUPPORTED_PLATFORMS = "iphoneos iphonesimulator macosx";
				SWIFT_EMIT_LOC_STRINGS = YES;
				SWIFT_VERSION = 5.0;
				TARGETED_DEVICE_FAMILY = "1,2";
			};
			name = Debug;
		};
		B3AA494929A52831002D40C3 /* Release */ = {
			isa = XCBuildConfiguration;
			buildSettings = {
				ASSETCATALOG_COMPILER_APPICON_NAME = AppIcon;
				ASSETCATALOG_COMPILER_GLOBAL_ACCENT_COLOR_NAME = AccentColor;
				CODE_SIGN_ENTITLEMENTS = App/KeychainSyncDemo.entitlements;
				CODE_SIGN_STYLE = Automatic;
				CURRENT_PROJECT_VERSION = 1;
				DEVELOPMENT_ASSET_PATHS = "\"App/Preview Content\"";
				DEVELOPMENT_TEAM = MLT7M394S7;
				ENABLE_HARDENED_RUNTIME = YES;
				ENABLE_PREVIEWS = YES;
				GENERATE_INFOPLIST_FILE = YES;
				"INFOPLIST_KEY_UIApplicationSceneManifest_Generation[sdk=iphoneos*]" = YES;
				"INFOPLIST_KEY_UIApplicationSceneManifest_Generation[sdk=iphonesimulator*]" = YES;
				"INFOPLIST_KEY_UIApplicationSupportsIndirectInputEvents[sdk=iphoneos*]" = YES;
				"INFOPLIST_KEY_UIApplicationSupportsIndirectInputEvents[sdk=iphonesimulator*]" = YES;
				"INFOPLIST_KEY_UILaunchScreen_Generation[sdk=iphoneos*]" = YES;
				"INFOPLIST_KEY_UILaunchScreen_Generation[sdk=iphonesimulator*]" = YES;
				"INFOPLIST_KEY_UIStatusBarStyle[sdk=iphoneos*]" = UIStatusBarStyleDefault;
				"INFOPLIST_KEY_UIStatusBarStyle[sdk=iphonesimulator*]" = UIStatusBarStyleDefault;
				INFOPLIST_KEY_UISupportedInterfaceOrientations_iPad = "UIInterfaceOrientationPortrait UIInterfaceOrientationPortraitUpsideDown UIInterfaceOrientationLandscapeLeft UIInterfaceOrientationLandscapeRight";
				INFOPLIST_KEY_UISupportedInterfaceOrientations_iPhone = "UIInterfaceOrientationPortrait UIInterfaceOrientationLandscapeLeft UIInterfaceOrientationLandscapeRight";
				IPHONEOS_DEPLOYMENT_TARGET = 16.2;
				LD_RUNPATH_SEARCH_PATHS = "@executable_path/Frameworks";
				"LD_RUNPATH_SEARCH_PATHS[sdk=macosx*]" = "@executable_path/../Frameworks";
				MACOSX_DEPLOYMENT_TARGET = 13.1;
				MARKETING_VERSION = 1.0;
				PRODUCT_BUNDLE_IDENTIFIER = com.brightdigit.KeychainSyncDemo;
				PRODUCT_NAME = "$(TARGET_NAME)";
				SDKROOT = auto;
				SUPPORTED_PLATFORMS = "iphoneos iphonesimulator macosx";
				SWIFT_EMIT_LOC_STRINGS = YES;
				SWIFT_VERSION = 5.0;
				TARGETED_DEVICE_FAMILY = "1,2";
			};
			name = Release;
		};
		B3AA495A29A52852002D40C3 /* Debug */ = {
			isa = XCBuildConfiguration;
			buildSettings = {
				ASSETCATALOG_COMPILER_APPICON_NAME = AppIcon;
				ASSETCATALOG_COMPILER_GLOBAL_ACCENT_COLOR_NAME = AccentColor;
				CODE_SIGN_ENTITLEMENTS = "KeychainSyncDemoWatch Watch App/KeychainSyncDemoWatch Watch App.entitlements";
				CODE_SIGN_STYLE = Automatic;
				CURRENT_PROJECT_VERSION = 1;
				DEVELOPMENT_ASSET_PATHS = "\"KeychainSyncDemoWatch Watch App/Preview Content\"";
				DEVELOPMENT_TEAM = MLT7M394S7;
				ENABLE_PREVIEWS = YES;
				GENERATE_INFOPLIST_FILE = YES;
				INFOPLIST_KEY_CFBundleDisplayName = KeychainSyncDemoWatch;
				INFOPLIST_KEY_UISupportedInterfaceOrientations = "UIInterfaceOrientationPortrait UIInterfaceOrientationPortraitUpsideDown";
				INFOPLIST_KEY_WKCompanionAppBundleIdentifier = "";
				INFOPLIST_KEY_WKRunsIndependentlyOfCompanionApp = YES;
				LD_RUNPATH_SEARCH_PATHS = (
					"$(inherited)",
					"@executable_path/Frameworks",
				);
				MARKETING_VERSION = 1.0;
				PRODUCT_BUNDLE_IDENTIFIER = .watchkitapp;
				PRODUCT_NAME = "$(TARGET_NAME)";
				SDKROOT = watchos;
				SKIP_INSTALL = YES;
				SWIFT_EMIT_LOC_STRINGS = YES;
				SWIFT_VERSION = 5.0;
				TARGETED_DEVICE_FAMILY = 4;
				WATCHOS_DEPLOYMENT_TARGET = 9.1;
			};
			name = Debug;
		};
		B3AA495B29A52852002D40C3 /* Release */ = {
			isa = XCBuildConfiguration;
			buildSettings = {
				ASSETCATALOG_COMPILER_APPICON_NAME = AppIcon;
				ASSETCATALOG_COMPILER_GLOBAL_ACCENT_COLOR_NAME = AccentColor;
				CODE_SIGN_ENTITLEMENTS = "KeychainSyncDemoWatch Watch App/KeychainSyncDemoWatch Watch App.entitlements";
				CODE_SIGN_STYLE = Automatic;
				CURRENT_PROJECT_VERSION = 1;
				DEVELOPMENT_ASSET_PATHS = "\"KeychainSyncDemoWatch Watch App/Preview Content\"";
				DEVELOPMENT_TEAM = MLT7M394S7;
				ENABLE_PREVIEWS = YES;
				GENERATE_INFOPLIST_FILE = YES;
				INFOPLIST_KEY_CFBundleDisplayName = KeychainSyncDemoWatch;
				INFOPLIST_KEY_UISupportedInterfaceOrientations = "UIInterfaceOrientationPortrait UIInterfaceOrientationPortraitUpsideDown";
				INFOPLIST_KEY_WKCompanionAppBundleIdentifier = "";
				INFOPLIST_KEY_WKRunsIndependentlyOfCompanionApp = YES;
				LD_RUNPATH_SEARCH_PATHS = (
					"$(inherited)",
					"@executable_path/Frameworks",
				);
				MARKETING_VERSION = 1.0;
				PRODUCT_BUNDLE_IDENTIFIER = .watchkitapp;
				PRODUCT_NAME = "$(TARGET_NAME)";
				SDKROOT = watchos;
				SKIP_INSTALL = YES;
				SWIFT_EMIT_LOC_STRINGS = YES;
				SWIFT_VERSION = 5.0;
				TARGETED_DEVICE_FAMILY = 4;
				VALIDATE_PRODUCT = YES;
				WATCHOS_DEPLOYMENT_TARGET = 9.1;
			};
			name = Release;
		};
/* End XCBuildConfiguration section */

/* Begin XCConfigurationList section */
		B353399229B7D783006FF22B /* Build configuration list for PBXNativeTarget "StealthyStashDemoUITests" */ = {
			isa = XCConfigurationList;
			buildConfigurations = (
				B353399029B7D783006FF22B /* Debug */,
				B353399129B7D783006FF22B /* Release */,
			);
			defaultConfigurationIsVisible = 0;
			defaultConfigurationName = Release;
		};
		B3AA493329A5282F002D40C3 /* Build configuration list for PBXProject "StealthyStashDemo" */ = {
			isa = XCConfigurationList;
			buildConfigurations = (
				B3AA494529A52831002D40C3 /* Debug */,
				B3AA494629A52831002D40C3 /* Release */,
			);
			defaultConfigurationIsVisible = 0;
			defaultConfigurationName = Release;
		};
		B3AA494729A52831002D40C3 /* Build configuration list for PBXNativeTarget "StealthyStashDemo" */ = {
			isa = XCConfigurationList;
			buildConfigurations = (
				B3AA494829A52831002D40C3 /* Debug */,
				B3AA494929A52831002D40C3 /* Release */,
			);
			defaultConfigurationIsVisible = 0;
			defaultConfigurationName = Release;
		};
		B3AA495929A52852002D40C3 /* Build configuration list for PBXNativeTarget "StealthyStashDemoWatch Watch App" */ = {
			isa = XCConfigurationList;
			buildConfigurations = (
				B3AA495A29A52852002D40C3 /* Debug */,
				B3AA495B29A52852002D40C3 /* Release */,
			);
			defaultConfigurationIsVisible = 0;
			defaultConfigurationName = Release;
		};
/* End XCConfigurationList section */

/* Begin XCSwiftPackageProductDependency section */
		B322979029CD1F69006CCAEE /* StealthyStash */ = {
			isa = XCSwiftPackageProductDependency;
			productName = StealthyStash;
		};
		B3B40E8729CD1DCB00015C54 /* StealthyStash */ = {
			isa = XCSwiftPackageProductDependency;
			productName = StealthyStash;
		};
		B3B40E8929CD1DD400015C54 /* StealthyStash */ = {
			isa = XCSwiftPackageProductDependency;
			productName = StealthyStash;
		};
/* End XCSwiftPackageProductDependency section */
	};
	rootObject = B3AA493029A5282F002D40C3 /* Project object */;
}
