// !$*UTF8*$!
{
	archiveVersion = 1;
	classes = {
	};
	objectVersion = 60;
	objects = {

/* Begin PBXBuildFile section */
		B327C2272A3A488100DBB432 /* StashSyncApp.swift in Sources */ = {isa = PBXBuildFile; fileRef = B327C2262A3A488100DBB432 /* StashSyncApp.swift */; };
		B327C22B2A3A488200DBB432 /* Assets.xcassets in Resources */ = {isa = PBXBuildFile; fileRef = B327C22A2A3A488200DBB432 /* Assets.xcassets */; };
		B327C22E2A3A488200DBB432 /* Preview Assets.xcassets in Resources */ = {isa = PBXBuildFile; fileRef = B327C22D2A3A488200DBB432 /* Preview Assets.xcassets */; };
		B327C2342A3A488200DBB432 /* StashSync Watch App.app in Embed Watch Content */ = {isa = PBXBuildFile; fileRef = B327C2332A3A488200DBB432 /* StashSync Watch App.app */; settings = {ATTRIBUTES = (RemoveHeadersOnCopy, ); }; };
		B327C2392A3A488200DBB432 /* StashSyncApp.swift in Sources */ = {isa = PBXBuildFile; fileRef = B327C2382A3A488200DBB432 /* StashSyncApp.swift */; };
		B327C23D2A3A488200DBB432 /* Assets.xcassets in Resources */ = {isa = PBXBuildFile; fileRef = B327C23C2A3A488200DBB432 /* Assets.xcassets */; };
		B327C2402A3A488200DBB432 /* Preview Assets.xcassets in Resources */ = {isa = PBXBuildFile; fileRef = B327C23F2A3A488200DBB432 /* Preview Assets.xcassets */; };
		B327C25A2A3A498000DBB432 /* StashSyncKit.h in Headers */ = {isa = PBXBuildFile; fileRef = B327C2592A3A498000DBB432 /* StashSyncKit.h */; settings = {ATTRIBUTES = (Public, ); }; };
		B327C25D2A3A498000DBB432 /* StashSyncKit.framework in Frameworks */ = {isa = PBXBuildFile; fileRef = B327C2572A3A498000DBB432 /* StashSyncKit.framework */; };
		B327C25E2A3A498000DBB432 /* StashSyncKit.framework in Embed Frameworks */ = {isa = PBXBuildFile; fileRef = B327C2572A3A498000DBB432 /* StashSyncKit.framework */; settings = {ATTRIBUTES = (CodeSignOnCopy, RemoveHeadersOnCopy, ); }; };
		B327C2652A3A499600DBB432 /* StashSyncKit.framework in Frameworks */ = {isa = PBXBuildFile; fileRef = B327C2572A3A498000DBB432 /* StashSyncKit.framework */; };
		B327C2662A3A499600DBB432 /* StashSyncKit.framework in Embed Frameworks */ = {isa = PBXBuildFile; fileRef = B327C2572A3A498000DBB432 /* StashSyncKit.framework */; settings = {ATTRIBUTES = (CodeSignOnCopy, RemoveHeadersOnCopy, ); }; };
		B327C26D2A3A4DB900DBB432 /* PhoneView.swift in Sources */ = {isa = PBXBuildFile; fileRef = B327C26C2A3A4DB900DBB432 /* PhoneView.swift */; };
		B327C2702A3A4DE100DBB432 /* StealthyStash in Frameworks */ = {isa = PBXBuildFile; productRef = B327C26F2A3A4DE100DBB432 /* StealthyStash */; };
/* End PBXBuildFile section */

/* Begin PBXContainerItemProxy section */
		B327C2352A3A488200DBB432 /* PBXContainerItemProxy */ = {
			isa = PBXContainerItemProxy;
			containerPortal = B327C21B2A3A488100DBB432 /* Project object */;
			proxyType = 1;
			remoteGlobalIDString = B327C2322A3A488200DBB432;
			remoteInfo = "StashSync Watch App";
		};
		B327C25B2A3A498000DBB432 /* PBXContainerItemProxy */ = {
			isa = PBXContainerItemProxy;
			containerPortal = B327C21B2A3A488100DBB432 /* Project object */;
			proxyType = 1;
			remoteGlobalIDString = B327C2562A3A498000DBB432;
			remoteInfo = StashSyncKit;
		};
		B327C2672A3A499600DBB432 /* PBXContainerItemProxy */ = {
			isa = PBXContainerItemProxy;
			containerPortal = B327C21B2A3A488100DBB432 /* Project object */;
			proxyType = 1;
			remoteGlobalIDString = B327C2562A3A498000DBB432;
			remoteInfo = StashSyncKit;
		};
/* End PBXContainerItemProxy section */

/* Begin PBXCopyFilesBuildPhase section */
		B327C2462A3A488200DBB432 /* Embed Watch Content */ = {
			isa = PBXCopyFilesBuildPhase;
			buildActionMask = 2147483647;
			dstPath = "$(CONTENTS_FOLDER_PATH)/Watch";
			dstSubfolderSpec = 16;
			files = (
				B327C2342A3A488200DBB432 /* StashSync Watch App.app in Embed Watch Content */,
			);
			name = "Embed Watch Content";
			runOnlyForDeploymentPostprocessing = 0;
		};
		B327C2622A3A498000DBB432 /* Embed Frameworks */ = {
			isa = PBXCopyFilesBuildPhase;
			buildActionMask = 2147483647;
			dstPath = "";
			dstSubfolderSpec = 10;
			files = (
				B327C25E2A3A498000DBB432 /* StashSyncKit.framework in Embed Frameworks */,
			);
			name = "Embed Frameworks";
			runOnlyForDeploymentPostprocessing = 0;
		};
		B327C2692A3A499600DBB432 /* Embed Frameworks */ = {
			isa = PBXCopyFilesBuildPhase;
			buildActionMask = 2147483647;
			dstPath = "";
			dstSubfolderSpec = 10;
			files = (
				B327C2662A3A499600DBB432 /* StashSyncKit.framework in Embed Frameworks */,
			);
			name = "Embed Frameworks";
			runOnlyForDeploymentPostprocessing = 0;
		};
/* End PBXCopyFilesBuildPhase section */

/* Begin PBXFileReference section */
		B327C2232A3A488100DBB432 /* StashSync.app */ = {isa = PBXFileReference; explicitFileType = wrapper.application; includeInIndex = 0; path = StashSync.app; sourceTree = BUILT_PRODUCTS_DIR; };
		B327C2262A3A488100DBB432 /* StashSyncApp.swift */ = {isa = PBXFileReference; lastKnownFileType = sourcecode.swift; path = StashSyncApp.swift; sourceTree = "<group>"; };
		B327C22A2A3A488200DBB432 /* Assets.xcassets */ = {isa = PBXFileReference; lastKnownFileType = folder.assetcatalog; path = Assets.xcassets; sourceTree = "<group>"; };
		B327C22D2A3A488200DBB432 /* Preview Assets.xcassets */ = {isa = PBXFileReference; lastKnownFileType = folder.assetcatalog; path = "Preview Assets.xcassets"; sourceTree = "<group>"; };
		B327C2332A3A488200DBB432 /* StashSync Watch App.app */ = {isa = PBXFileReference; explicitFileType = wrapper.application; includeInIndex = 0; path = "StashSync Watch App.app"; sourceTree = BUILT_PRODUCTS_DIR; };
		B327C2382A3A488200DBB432 /* StashSyncApp.swift */ = {isa = PBXFileReference; lastKnownFileType = sourcecode.swift; path = StashSyncApp.swift; sourceTree = "<group>"; };
		B327C23C2A3A488200DBB432 /* Assets.xcassets */ = {isa = PBXFileReference; lastKnownFileType = folder.assetcatalog; path = Assets.xcassets; sourceTree = "<group>"; };
		B327C23F2A3A488200DBB432 /* Preview Assets.xcassets */ = {isa = PBXFileReference; lastKnownFileType = folder.assetcatalog; path = "Preview Assets.xcassets"; sourceTree = "<group>"; };
		B327C2502A3A48E800DBB432 /* StashSync Watch App.entitlements */ = {isa = PBXFileReference; lastKnownFileType = text.plist.entitlements; path = "StashSync Watch App.entitlements"; sourceTree = "<group>"; };
		B327C2512A3A48FC00DBB432 /* StashSync.entitlements */ = {isa = PBXFileReference; lastKnownFileType = text.plist.entitlements; path = StashSync.entitlements; sourceTree = "<group>"; };
		B327C2572A3A498000DBB432 /* StashSyncKit.framework */ = {isa = PBXFileReference; explicitFileType = wrapper.framework; includeInIndex = 0; path = StashSyncKit.framework; sourceTree = BUILT_PRODUCTS_DIR; };
		B327C2592A3A498000DBB432 /* StashSyncKit.h */ = {isa = PBXFileReference; lastKnownFileType = sourcecode.c.h; path = StashSyncKit.h; sourceTree = "<group>"; };
		B327C26C2A3A4DB900DBB432 /* PhoneView.swift */ = {isa = PBXFileReference; fileEncoding = 4; lastKnownFileType = sourcecode.swift; path = PhoneView.swift; sourceTree = "<group>"; };
/* End PBXFileReference section */

/* Begin PBXFrameworksBuildPhase section */
		B327C2202A3A488100DBB432 /* Frameworks */ = {
			isa = PBXFrameworksBuildPhase;
			buildActionMask = 2147483647;
			files = (
				B327C2652A3A499600DBB432 /* StashSyncKit.framework in Frameworks */,
			);
			runOnlyForDeploymentPostprocessing = 0;
		};
		B327C2302A3A488200DBB432 /* Frameworks */ = {
			isa = PBXFrameworksBuildPhase;
			buildActionMask = 2147483647;
			files = (
				B327C25D2A3A498000DBB432 /* StashSyncKit.framework in Frameworks */,
			);
			runOnlyForDeploymentPostprocessing = 0;
		};
		B327C2542A3A498000DBB432 /* Frameworks */ = {
			isa = PBXFrameworksBuildPhase;
			buildActionMask = 2147483647;
			files = (
				B327C2702A3A4DE100DBB432 /* StealthyStash in Frameworks */,
			);
			runOnlyForDeploymentPostprocessing = 0;
		};
/* End PBXFrameworksBuildPhase section */

/* Begin PBXGroup section */
		B327C21A2A3A488100DBB432 = {
			isa = PBXGroup;
			children = (
				B327C2252A3A488100DBB432 /* StashSync */,
				B327C2372A3A488200DBB432 /* StashSync Watch App */,
				B327C2582A3A498000DBB432 /* StashSyncKit */,
				B327C2242A3A488100DBB432 /* Products */,
				B327C24D2A3A48CB00DBB432 /* Frameworks */,
			);
			sourceTree = "<group>";
		};
		B327C2242A3A488100DBB432 /* Products */ = {
			isa = PBXGroup;
			children = (
				B327C2232A3A488100DBB432 /* StashSync.app */,
				B327C2332A3A488200DBB432 /* StashSync Watch App.app */,
				B327C2572A3A498000DBB432 /* StashSyncKit.framework */,
			);
			name = Products;
			sourceTree = "<group>";
		};
		B327C2252A3A488100DBB432 /* StashSync */ = {
			isa = PBXGroup;
			children = (
				B327C2512A3A48FC00DBB432 /* StashSync.entitlements */,
				B327C2262A3A488100DBB432 /* StashSyncApp.swift */,
				B327C22A2A3A488200DBB432 /* Assets.xcassets */,
				B327C22C2A3A488200DBB432 /* Preview Content */,
			);
			path = StashSync;
			sourceTree = "<group>";
		};
		B327C22C2A3A488200DBB432 /* Preview Content */ = {
			isa = PBXGroup;
			children = (
				B327C22D2A3A488200DBB432 /* Preview Assets.xcassets */,
			);
			path = "Preview Content";
			sourceTree = "<group>";
		};
		B327C2372A3A488200DBB432 /* StashSync Watch App */ = {
			isa = PBXGroup;
			children = (
				B327C2502A3A48E800DBB432 /* StashSync Watch App.entitlements */,
				B327C2382A3A488200DBB432 /* StashSyncApp.swift */,
				B327C23C2A3A488200DBB432 /* Assets.xcassets */,
				B327C23E2A3A488200DBB432 /* Preview Content */,
			);
			path = "StashSync Watch App";
			sourceTree = "<group>";
		};
		B327C23E2A3A488200DBB432 /* Preview Content */ = {
			isa = PBXGroup;
			children = (
				B327C23F2A3A488200DBB432 /* Preview Assets.xcassets */,
			);
			path = "Preview Content";
			sourceTree = "<group>";
		};
		B327C24D2A3A48CB00DBB432 /* Frameworks */ = {
			isa = PBXGroup;
			children = (
			);
			name = Frameworks;
			sourceTree = "<group>";
		};
		B327C2582A3A498000DBB432 /* StashSyncKit */ = {
			isa = PBXGroup;
			children = (
				B327C26C2A3A4DB900DBB432 /* PhoneView.swift */,
				B327C2592A3A498000DBB432 /* StashSyncKit.h */,
			);
			path = StashSyncKit;
			sourceTree = "<group>";
		};
/* End PBXGroup section */

/* Begin PBXHeadersBuildPhase section */
		B327C2522A3A498000DBB432 /* Headers */ = {
			isa = PBXHeadersBuildPhase;
			buildActionMask = 2147483647;
			files = (
				B327C25A2A3A498000DBB432 /* StashSyncKit.h in Headers */,
			);
			runOnlyForDeploymentPostprocessing = 0;
		};
/* End PBXHeadersBuildPhase section */

/* Begin PBXNativeTarget section */
		B327C2222A3A488100DBB432 /* StashSync */ = {
			isa = PBXNativeTarget;
			buildConfigurationList = B327C2472A3A488200DBB432 /* Build configuration list for PBXNativeTarget "StashSync" */;
			buildPhases = (
				B327C21F2A3A488100DBB432 /* Sources */,
				B327C2202A3A488100DBB432 /* Frameworks */,
				B327C2212A3A488100DBB432 /* Resources */,
				B327C2462A3A488200DBB432 /* Embed Watch Content */,
				B327C2692A3A499600DBB432 /* Embed Frameworks */,
			);
			buildRules = (
			);
			dependencies = (
				B327C2362A3A488200DBB432 /* PBXTargetDependency */,
				B327C2682A3A499600DBB432 /* PBXTargetDependency */,
			);
			name = StashSync;
			packageProductDependencies = (
			);
			productName = StashSync;
			productReference = B327C2232A3A488100DBB432 /* StashSync.app */;
			productType = "com.apple.product-type.application";
		};
		B327C2322A3A488200DBB432 /* StashSync Watch App */ = {
			isa = PBXNativeTarget;
			buildConfigurationList = B327C2432A3A488200DBB432 /* Build configuration list for PBXNativeTarget "StashSync Watch App" */;
			buildPhases = (
				B327C22F2A3A488200DBB432 /* Sources */,
				B327C2302A3A488200DBB432 /* Frameworks */,
				B327C2312A3A488200DBB432 /* Resources */,
				B327C2622A3A498000DBB432 /* Embed Frameworks */,
			);
			buildRules = (
			);
			dependencies = (
				B327C25C2A3A498000DBB432 /* PBXTargetDependency */,
			);
			name = "StashSync Watch App";
			packageProductDependencies = (
			);
			productName = "StashSync Watch App";
			productReference = B327C2332A3A488200DBB432 /* StashSync Watch App.app */;
			productType = "com.apple.product-type.application";
		};
		B327C2562A3A498000DBB432 /* StashSyncKit */ = {
			isa = PBXNativeTarget;
			buildConfigurationList = B327C25F2A3A498000DBB432 /* Build configuration list for PBXNativeTarget "StashSyncKit" */;
			buildPhases = (
				B327C2522A3A498000DBB432 /* Headers */,
				B327C2532A3A498000DBB432 /* Sources */,
				B327C2542A3A498000DBB432 /* Frameworks */,
				B327C2552A3A498000DBB432 /* Resources */,
			);
			buildRules = (
			);
			dependencies = (
			);
			name = StashSyncKit;
			packageProductDependencies = (
				B327C26F2A3A4DE100DBB432 /* StealthyStash */,
			);
			productName = StashSyncKit;
			productReference = B327C2572A3A498000DBB432 /* StashSyncKit.framework */;
			productType = "com.apple.product-type.framework";
		};
/* End PBXNativeTarget section */

/* Begin PBXProject section */
		B327C21B2A3A488100DBB432 /* Project object */ = {
			isa = PBXProject;
			attributes = {
				BuildIndependentTargetsInParallel = 1;
				LastSwiftUpdateCheck = 1500;
				LastUpgradeCheck = 1500;
				TargetAttributes = {
					B327C2222A3A488100DBB432 = {
						CreatedOnToolsVersion = 15.0;
					};
					B327C2322A3A488200DBB432 = {
						CreatedOnToolsVersion = 15.0;
					};
					B327C2562A3A498000DBB432 = {
						CreatedOnToolsVersion = 15.0;
						LastSwiftMigration = 1500;
					};
				};
			};
			buildConfigurationList = B327C21E2A3A488100DBB432 /* Build configuration list for PBXProject "StashSync" */;
			compatibilityVersion = "Xcode 14.0";
			developmentRegion = en;
			hasScannedForEncodings = 0;
			knownRegions = (
				en,
				Base,
			);
			mainGroup = B327C21A2A3A488100DBB432;
			packageReferences = (
				B327C26E2A3A4DE100DBB432 /* XCLocalSwiftPackageReference "../.." */,
			);
			productRefGroup = B327C2242A3A488100DBB432 /* Products */;
			projectDirPath = "";
			projectRoot = "";
			targets = (
				B327C2222A3A488100DBB432 /* StashSync */,
				B327C2322A3A488200DBB432 /* StashSync Watch App */,
				B327C2562A3A498000DBB432 /* StashSyncKit */,
			);
		};
/* End PBXProject section */

/* Begin PBXResourcesBuildPhase section */
		B327C2212A3A488100DBB432 /* Resources */ = {
			isa = PBXResourcesBuildPhase;
			buildActionMask = 2147483647;
			files = (
				B327C22E2A3A488200DBB432 /* Preview Assets.xcassets in Resources */,
				B327C22B2A3A488200DBB432 /* Assets.xcassets in Resources */,
			);
			runOnlyForDeploymentPostprocessing = 0;
		};
		B327C2312A3A488200DBB432 /* Resources */ = {
			isa = PBXResourcesBuildPhase;
			buildActionMask = 2147483647;
			files = (
				B327C2402A3A488200DBB432 /* Preview Assets.xcassets in Resources */,
				B327C23D2A3A488200DBB432 /* Assets.xcassets in Resources */,
			);
			runOnlyForDeploymentPostprocessing = 0;
		};
		B327C2552A3A498000DBB432 /* Resources */ = {
			isa = PBXResourcesBuildPhase;
			buildActionMask = 2147483647;
			files = (
			);
			runOnlyForDeploymentPostprocessing = 0;
		};
/* End PBXResourcesBuildPhase section */

/* Begin PBXSourcesBuildPhase section */
		B327C21F2A3A488100DBB432 /* Sources */ = {
			isa = PBXSourcesBuildPhase;
			buildActionMask = 2147483647;
			files = (
				B327C2272A3A488100DBB432 /* StashSyncApp.swift in Sources */,
			);
			runOnlyForDeploymentPostprocessing = 0;
		};
		B327C22F2A3A488200DBB432 /* Sources */ = {
			isa = PBXSourcesBuildPhase;
			buildActionMask = 2147483647;
			files = (
				B327C2392A3A488200DBB432 /* StashSyncApp.swift in Sources */,
			);
			runOnlyForDeploymentPostprocessing = 0;
		};
		B327C2532A3A498000DBB432 /* Sources */ = {
			isa = PBXSourcesBuildPhase;
			buildActionMask = 2147483647;
			files = (
				B327C26D2A3A4DB900DBB432 /* PhoneView.swift in Sources */,
			);
			runOnlyForDeploymentPostprocessing = 0;
		};
/* End PBXSourcesBuildPhase section */

/* Begin PBXTargetDependency section */
		B327C2362A3A488200DBB432 /* PBXTargetDependency */ = {
			isa = PBXTargetDependency;
			target = B327C2322A3A488200DBB432 /* StashSync Watch App */;
			targetProxy = B327C2352A3A488200DBB432 /* PBXContainerItemProxy */;
		};
		B327C25C2A3A498000DBB432 /* PBXTargetDependency */ = {
			isa = PBXTargetDependency;
			target = B327C2562A3A498000DBB432 /* StashSyncKit */;
			targetProxy = B327C25B2A3A498000DBB432 /* PBXContainerItemProxy */;
		};
		B327C2682A3A499600DBB432 /* PBXTargetDependency */ = {
			isa = PBXTargetDependency;
			target = B327C2562A3A498000DBB432 /* StashSyncKit */;
			targetProxy = B327C2672A3A499600DBB432 /* PBXContainerItemProxy */;
		};
/* End PBXTargetDependency section */

/* Begin XCBuildConfiguration section */
		B327C2412A3A488200DBB432 /* Debug */ = {
			isa = XCBuildConfiguration;
			buildSettings = {
				ALWAYS_SEARCH_USER_PATHS = NO;
				ASSETCATALOG_COMPILER_GENERATE_SWIFT_ASSET_SYMBOL_EXTENSIONS = YES;
				CLANG_ANALYZER_NONNULL = YES;
				CLANG_ANALYZER_NUMBER_OBJECT_CONVERSION = YES_AGGRESSIVE;
				CLANG_CXX_LANGUAGE_STANDARD = "gnu++20";
				CLANG_ENABLE_MODULES = YES;
				CLANG_ENABLE_OBJC_ARC = YES;
				CLANG_ENABLE_OBJC_WEAK = YES;
				CLANG_WARN_BLOCK_CAPTURE_AUTORELEASING = YES;
				CLANG_WARN_BOOL_CONVERSION = YES;
				CLANG_WARN_COMMA = YES;
				CLANG_WARN_CONSTANT_CONVERSION = YES;
				CLANG_WARN_DEPRECATED_OBJC_IMPLEMENTATIONS = YES;
				CLANG_WARN_DIRECT_OBJC_ISA_USAGE = YES_ERROR;
				CLANG_WARN_DOCUMENTATION_COMMENTS = YES;
				CLANG_WARN_EMPTY_BODY = YES;
				CLANG_WARN_ENUM_CONVERSION = YES;
				CLANG_WARN_INFINITE_RECURSION = YES;
				CLANG_WARN_INT_CONVERSION = YES;
				CLANG_WARN_NON_LITERAL_NULL_CONVERSION = YES;
				CLANG_WARN_OBJC_IMPLICIT_RETAIN_SELF = YES;
				CLANG_WARN_OBJC_LITERAL_CONVERSION = YES;
				CLANG_WARN_OBJC_ROOT_CLASS = YES_ERROR;
				CLANG_WARN_QUOTED_INCLUDE_IN_FRAMEWORK_HEADER = YES;
				CLANG_WARN_RANGE_LOOP_ANALYSIS = YES;
				CLANG_WARN_STRICT_PROTOTYPES = YES;
				CLANG_WARN_SUSPICIOUS_MOVE = YES;
				CLANG_WARN_UNGUARDED_AVAILABILITY = YES_AGGRESSIVE;
				CLANG_WARN_UNREACHABLE_CODE = YES;
				CLANG_WARN__DUPLICATE_METHOD_MATCH = YES;
				COPY_PHASE_STRIP = NO;
				DEBUG_INFORMATION_FORMAT = dwarf;
				ENABLE_STRICT_OBJC_MSGSEND = YES;
				ENABLE_TESTABILITY = YES;
				ENABLE_USER_SCRIPT_SANDBOXING = YES;
				GCC_C_LANGUAGE_STANDARD = gnu17;
				GCC_DYNAMIC_NO_PIC = NO;
				GCC_NO_COMMON_BLOCKS = YES;
				GCC_OPTIMIZATION_LEVEL = 0;
				GCC_PREPROCESSOR_DEFINITIONS = (
					"DEBUG=1",
					"$(inherited)",
				);
				GCC_WARN_64_TO_32_BIT_CONVERSION = YES;
				GCC_WARN_ABOUT_RETURN_TYPE = YES_ERROR;
				GCC_WARN_UNDECLARED_SELECTOR = YES;
				GCC_WARN_UNINITIALIZED_AUTOS = YES_AGGRESSIVE;
				GCC_WARN_UNUSED_FUNCTION = YES;
				GCC_WARN_UNUSED_VARIABLE = YES;
				LOCALIZATION_PREFERS_STRING_CATALOGS = YES;
				MTL_ENABLE_DEBUG_INFO = INCLUDE_SOURCE;
				MTL_FAST_MATH = YES;
				ONLY_ACTIVE_ARCH = YES;
				SWIFT_ACTIVE_COMPILATION_CONDITIONS = "DEBUG $(inherited)";
				SWIFT_OPTIMIZATION_LEVEL = "-Onone";
			};
			name = Debug;
		};
		B327C2422A3A488200DBB432 /* Release */ = {
			isa = XCBuildConfiguration;
			buildSettings = {
				ALWAYS_SEARCH_USER_PATHS = NO;
				ASSETCATALOG_COMPILER_GENERATE_SWIFT_ASSET_SYMBOL_EXTENSIONS = YES;
				CLANG_ANALYZER_NONNULL = YES;
				CLANG_ANALYZER_NUMBER_OBJECT_CONVERSION = YES_AGGRESSIVE;
				CLANG_CXX_LANGUAGE_STANDARD = "gnu++20";
				CLANG_ENABLE_MODULES = YES;
				CLANG_ENABLE_OBJC_ARC = YES;
				CLANG_ENABLE_OBJC_WEAK = YES;
				CLANG_WARN_BLOCK_CAPTURE_AUTORELEASING = YES;
				CLANG_WARN_BOOL_CONVERSION = YES;
				CLANG_WARN_COMMA = YES;
				CLANG_WARN_CONSTANT_CONVERSION = YES;
				CLANG_WARN_DEPRECATED_OBJC_IMPLEMENTATIONS = YES;
				CLANG_WARN_DIRECT_OBJC_ISA_USAGE = YES_ERROR;
				CLANG_WARN_DOCUMENTATION_COMMENTS = YES;
				CLANG_WARN_EMPTY_BODY = YES;
				CLANG_WARN_ENUM_CONVERSION = YES;
				CLANG_WARN_INFINITE_RECURSION = YES;
				CLANG_WARN_INT_CONVERSION = YES;
				CLANG_WARN_NON_LITERAL_NULL_CONVERSION = YES;
				CLANG_WARN_OBJC_IMPLICIT_RETAIN_SELF = YES;
				CLANG_WARN_OBJC_LITERAL_CONVERSION = YES;
				CLANG_WARN_OBJC_ROOT_CLASS = YES_ERROR;
				CLANG_WARN_QUOTED_INCLUDE_IN_FRAMEWORK_HEADER = YES;
				CLANG_WARN_RANGE_LOOP_ANALYSIS = YES;
				CLANG_WARN_STRICT_PROTOTYPES = YES;
				CLANG_WARN_SUSPICIOUS_MOVE = YES;
				CLANG_WARN_UNGUARDED_AVAILABILITY = YES_AGGRESSIVE;
				CLANG_WARN_UNREACHABLE_CODE = YES;
				CLANG_WARN__DUPLICATE_METHOD_MATCH = YES;
				COPY_PHASE_STRIP = NO;
				DEBUG_INFORMATION_FORMAT = "dwarf-with-dsym";
				ENABLE_NS_ASSERTIONS = NO;
				ENABLE_STRICT_OBJC_MSGSEND = YES;
				ENABLE_USER_SCRIPT_SANDBOXING = YES;
				GCC_C_LANGUAGE_STANDARD = gnu17;
				GCC_NO_COMMON_BLOCKS = YES;
				GCC_WARN_64_TO_32_BIT_CONVERSION = YES;
				GCC_WARN_ABOUT_RETURN_TYPE = YES_ERROR;
				GCC_WARN_UNDECLARED_SELECTOR = YES;
				GCC_WARN_UNINITIALIZED_AUTOS = YES_AGGRESSIVE;
				GCC_WARN_UNUSED_FUNCTION = YES;
				GCC_WARN_UNUSED_VARIABLE = YES;
				LOCALIZATION_PREFERS_STRING_CATALOGS = YES;
				MTL_ENABLE_DEBUG_INFO = NO;
				MTL_FAST_MATH = YES;
				SWIFT_COMPILATION_MODE = wholemodule;
			};
			name = Release;
		};
		B327C2442A3A488200DBB432 /* Debug */ = {
			isa = XCBuildConfiguration;
			buildSettings = {
				ALWAYS_EMBED_SWIFT_STANDARD_LIBRARIES = YES;
				ASSETCATALOG_COMPILER_APPICON_NAME = AppIcon;
				ASSETCATALOG_COMPILER_GLOBAL_ACCENT_COLOR_NAME = AccentColor;
				CODE_SIGN_ENTITLEMENTS = "StashSync Watch App/StashSync Watch App.entitlements";
				CODE_SIGN_STYLE = Automatic;
				CURRENT_PROJECT_VERSION = 1;
				DEVELOPMENT_ASSET_PATHS = "\"StashSync Watch App/Preview Content\"";
				DEVELOPMENT_TEAM = MLT7M394S7;
				ENABLE_PREVIEWS = YES;
				GENERATE_INFOPLIST_FILE = YES;
				INFOPLIST_KEY_CFBundleDisplayName = StashSync;
				INFOPLIST_KEY_UISupportedInterfaceOrientations = "UIInterfaceOrientationPortrait UIInterfaceOrientationPortraitUpsideDown";
				INFOPLIST_KEY_WKCompanionAppBundleIdentifier = com.brightdigit.StashSync;
				LD_RUNPATH_SEARCH_PATHS = (
					"$(inherited)",
					"@executable_path/Frameworks",
				);
				MARKETING_VERSION = 1.0;
				PRODUCT_BUNDLE_IDENTIFIER = com.brightdigit.StashSync.watchkitapp;
				PRODUCT_NAME = "$(TARGET_NAME)";
				SDKROOT = watchos;
				SKIP_INSTALL = YES;
				SWIFT_EMIT_LOC_STRINGS = YES;
				SWIFT_VERSION = 5.0;
				TARGETED_DEVICE_FAMILY = 4;
				WATCHOS_DEPLOYMENT_TARGET = 10.0;
			};
			name = Debug;
		};
		B327C2452A3A488200DBB432 /* Release */ = {
			isa = XCBuildConfiguration;
			buildSettings = {
				ALWAYS_EMBED_SWIFT_STANDARD_LIBRARIES = YES;
				ASSETCATALOG_COMPILER_APPICON_NAME = AppIcon;
				ASSETCATALOG_COMPILER_GLOBAL_ACCENT_COLOR_NAME = AccentColor;
				CODE_SIGN_ENTITLEMENTS = "StashSync Watch App/StashSync Watch App.entitlements";
				CODE_SIGN_STYLE = Automatic;
				CURRENT_PROJECT_VERSION = 1;
				DEVELOPMENT_ASSET_PATHS = "\"StashSync Watch App/Preview Content\"";
				DEVELOPMENT_TEAM = MLT7M394S7;
				ENABLE_PREVIEWS = YES;
				GENERATE_INFOPLIST_FILE = YES;
				INFOPLIST_KEY_CFBundleDisplayName = StashSync;
				INFOPLIST_KEY_UISupportedInterfaceOrientations = "UIInterfaceOrientationPortrait UIInterfaceOrientationPortraitUpsideDown";
				INFOPLIST_KEY_WKCompanionAppBundleIdentifier = com.brightdigit.StashSync;
				LD_RUNPATH_SEARCH_PATHS = (
					"$(inherited)",
					"@executable_path/Frameworks",
				);
				MARKETING_VERSION = 1.0;
				PRODUCT_BUNDLE_IDENTIFIER = com.brightdigit.StashSync.watchkitapp;
				PRODUCT_NAME = "$(TARGET_NAME)";
				SDKROOT = watchos;
				SKIP_INSTALL = YES;
				SWIFT_EMIT_LOC_STRINGS = YES;
				SWIFT_VERSION = 5.0;
				TARGETED_DEVICE_FAMILY = 4;
				VALIDATE_PRODUCT = YES;
				WATCHOS_DEPLOYMENT_TARGET = 10.0;
			};
			name = Release;
		};
		B327C2482A3A488200DBB432 /* Debug */ = {
			isa = XCBuildConfiguration;
			buildSettings = {
				ALWAYS_EMBED_SWIFT_STANDARD_LIBRARIES = YES;
				ASSETCATALOG_COMPILER_APPICON_NAME = AppIcon;
				ASSETCATALOG_COMPILER_GLOBAL_ACCENT_COLOR_NAME = AccentColor;
				CODE_SIGN_ENTITLEMENTS = StashSync/StashSync.entitlements;
				CODE_SIGN_STYLE = Automatic;
				CURRENT_PROJECT_VERSION = 1;
				DEVELOPMENT_ASSET_PATHS = "\"StashSync/Preview Content\"";
				DEVELOPMENT_TEAM = MLT7M394S7;
				ENABLE_PREVIEWS = YES;
				GENERATE_INFOPLIST_FILE = YES;
				INFOPLIST_KEY_CFBundleDisplayName = StashSync;
				INFOPLIST_KEY_UIApplicationSceneManifest_Generation = YES;
				INFOPLIST_KEY_UIApplicationSupportsIndirectInputEvents = YES;
				INFOPLIST_KEY_UILaunchScreen_Generation = YES;
				INFOPLIST_KEY_UISupportedInterfaceOrientations_iPad = "UIInterfaceOrientationPortrait UIInterfaceOrientationPortraitUpsideDown UIInterfaceOrientationLandscapeLeft UIInterfaceOrientationLandscapeRight";
				INFOPLIST_KEY_UISupportedInterfaceOrientations_iPhone = "UIInterfaceOrientationPortrait UIInterfaceOrientationLandscapeLeft UIInterfaceOrientationLandscapeRight";
				IPHONEOS_DEPLOYMENT_TARGET = 17.0;
				LD_RUNPATH_SEARCH_PATHS = (
					"$(inherited)",
					"@executable_path/Frameworks",
				);
				MARKETING_VERSION = 1.0;
				PRODUCT_BUNDLE_IDENTIFIER = com.brightdigit.StashSync;
				PRODUCT_NAME = "$(TARGET_NAME)";
				SDKROOT = iphoneos;
				SWIFT_EMIT_LOC_STRINGS = YES;
				SWIFT_VERSION = 5.0;
				TARGETED_DEVICE_FAMILY = "1,2";
			};
			name = Debug;
		};
		B327C2492A3A488200DBB432 /* Release */ = {
			isa = XCBuildConfiguration;
			buildSettings = {
				ALWAYS_EMBED_SWIFT_STANDARD_LIBRARIES = YES;
				ASSETCATALOG_COMPILER_APPICON_NAME = AppIcon;
				ASSETCATALOG_COMPILER_GLOBAL_ACCENT_COLOR_NAME = AccentColor;
				CODE_SIGN_ENTITLEMENTS = StashSync/StashSync.entitlements;
				CODE_SIGN_STYLE = Automatic;
				CURRENT_PROJECT_VERSION = 1;
				DEVELOPMENT_ASSET_PATHS = "\"StashSync/Preview Content\"";
				DEVELOPMENT_TEAM = MLT7M394S7;
				ENABLE_PREVIEWS = YES;
				GENERATE_INFOPLIST_FILE = YES;
				INFOPLIST_KEY_CFBundleDisplayName = StashSync;
				INFOPLIST_KEY_UIApplicationSceneManifest_Generation = YES;
				INFOPLIST_KEY_UIApplicationSupportsIndirectInputEvents = YES;
				INFOPLIST_KEY_UILaunchScreen_Generation = YES;
				INFOPLIST_KEY_UISupportedInterfaceOrientations_iPad = "UIInterfaceOrientationPortrait UIInterfaceOrientationPortraitUpsideDown UIInterfaceOrientationLandscapeLeft UIInterfaceOrientationLandscapeRight";
				INFOPLIST_KEY_UISupportedInterfaceOrientations_iPhone = "UIInterfaceOrientationPortrait UIInterfaceOrientationLandscapeLeft UIInterfaceOrientationLandscapeRight";
				IPHONEOS_DEPLOYMENT_TARGET = 17.0;
				LD_RUNPATH_SEARCH_PATHS = (
					"$(inherited)",
					"@executable_path/Frameworks",
				);
				MARKETING_VERSION = 1.0;
				PRODUCT_BUNDLE_IDENTIFIER = com.brightdigit.StashSync;
				PRODUCT_NAME = "$(TARGET_NAME)";
				SDKROOT = iphoneos;
				SWIFT_EMIT_LOC_STRINGS = YES;
				SWIFT_VERSION = 5.0;
				TARGETED_DEVICE_FAMILY = "1,2";
				VALIDATE_PRODUCT = YES;
			};
			name = Release;
		};
		B327C2602A3A498000DBB432 /* Debug */ = {
			isa = XCBuildConfiguration;
			buildSettings = {
				CLANG_ENABLE_MODULES = YES;
				CODE_SIGN_STYLE = Automatic;
				CURRENT_PROJECT_VERSION = 1;
				DEFINES_MODULE = YES;
				DEVELOPMENT_TEAM = MLT7M394S7;
				DYLIB_COMPATIBILITY_VERSION = 1;
				DYLIB_CURRENT_VERSION = 1;
				DYLIB_INSTALL_NAME_BASE = "@rpath";
				ENABLE_MODULE_VERIFIER = YES;
				GENERATE_INFOPLIST_FILE = YES;
				INFOPLIST_KEY_NSHumanReadableCopyright = "";
				INSTALL_PATH = "$(LOCAL_LIBRARY_DIR)/Frameworks";
				IPHONEOS_DEPLOYMENT_TARGET = 17.0;
				LD_RUNPATH_SEARCH_PATHS = (
					"@executable_path/Frameworks",
					"@loader_path/Frameworks",
				);
				"LD_RUNPATH_SEARCH_PATHS[sdk=macosx*]" = (
					"@executable_path/../Frameworks",
					"@loader_path/Frameworks",
				);
				MACOSX_DEPLOYMENT_TARGET = 14.0;
				MARKETING_VERSION = 1.0;
				MODULE_VERIFIER_SUPPORTED_LANGUAGES = "objective-c objective-c++";
				MODULE_VERIFIER_SUPPORTED_LANGUAGE_STANDARDS = "gnu17 gnu++20";
				PRODUCT_BUNDLE_IDENTIFIER = com.brightdigit.StashSyncKit;
				PRODUCT_NAME = "$(TARGET_NAME:c99extidentifier)";
				SDKROOT = auto;
				SKIP_INSTALL = YES;
				SUPPORTED_PLATFORMS = "iphoneos iphonesimulator macosx watchos watchsimulator";
				SUPPORTS_MACCATALYST = NO;
				SUPPORTS_MAC_DESIGNED_FOR_IPHONE_IPAD = NO;
				SWIFT_EMIT_LOC_STRINGS = YES;
				SWIFT_OPTIMIZATION_LEVEL = "-Onone";
				SWIFT_VERSION = 5.0;
				TARGETED_DEVICE_FAMILY = "1,2,4";
				VERSIONING_SYSTEM = "apple-generic";
				VERSION_INFO_PREFIX = "";
			};
			name = Debug;
		};
		B327C2612A3A498000DBB432 /* Release */ = {
			isa = XCBuildConfiguration;
			buildSettings = {
				CLANG_ENABLE_MODULES = YES;
				CODE_SIGN_STYLE = Automatic;
				CURRENT_PROJECT_VERSION = 1;
				DEFINES_MODULE = YES;
				DEVELOPMENT_TEAM = MLT7M394S7;
				DYLIB_COMPATIBILITY_VERSION = 1;
				DYLIB_CURRENT_VERSION = 1;
				DYLIB_INSTALL_NAME_BASE = "@rpath";
				ENABLE_MODULE_VERIFIER = YES;
				GENERATE_INFOPLIST_FILE = YES;
				INFOPLIST_KEY_NSHumanReadableCopyright = "";
				INSTALL_PATH = "$(LOCAL_LIBRARY_DIR)/Frameworks";
				IPHONEOS_DEPLOYMENT_TARGET = 17.0;
				LD_RUNPATH_SEARCH_PATHS = (
					"@executable_path/Frameworks",
					"@loader_path/Frameworks",
				);
				"LD_RUNPATH_SEARCH_PATHS[sdk=macosx*]" = (
					"@executable_path/../Frameworks",
					"@loader_path/Frameworks",
				);
				MACOSX_DEPLOYMENT_TARGET = 14.0;
				MARKETING_VERSION = 1.0;
				MODULE_VERIFIER_SUPPORTED_LANGUAGES = "objective-c objective-c++";
				MODULE_VERIFIER_SUPPORTED_LANGUAGE_STANDARDS = "gnu17 gnu++20";
				PRODUCT_BUNDLE_IDENTIFIER = com.brightdigit.StashSyncKit;
				PRODUCT_NAME = "$(TARGET_NAME:c99extidentifier)";
				SDKROOT = auto;
				SKIP_INSTALL = YES;
				SUPPORTED_PLATFORMS = "iphoneos iphonesimulator macosx watchos watchsimulator";
				SUPPORTS_MACCATALYST = NO;
				SUPPORTS_MAC_DESIGNED_FOR_IPHONE_IPAD = NO;
				SWIFT_EMIT_LOC_STRINGS = YES;
				SWIFT_VERSION = 5.0;
				TARGETED_DEVICE_FAMILY = "1,2,4";
				VERSIONING_SYSTEM = "apple-generic";
				VERSION_INFO_PREFIX = "";
			};
			name = Release;
		};
/* End XCBuildConfiguration section */

/* Begin XCConfigurationList section */
		B327C21E2A3A488100DBB432 /* Build configuration list for PBXProject "StashSync" */ = {
			isa = XCConfigurationList;
			buildConfigurations = (
				B327C2412A3A488200DBB432 /* Debug */,
				B327C2422A3A488200DBB432 /* Release */,
			);
			defaultConfigurationIsVisible = 0;
			defaultConfigurationName = Release;
		};
		B327C2432A3A488200DBB432 /* Build configuration list for PBXNativeTarget "StashSync Watch App" */ = {
			isa = XCConfigurationList;
			buildConfigurations = (
				B327C2442A3A488200DBB432 /* Debug */,
				B327C2452A3A488200DBB432 /* Release */,
			);
			defaultConfigurationIsVisible = 0;
			defaultConfigurationName = Release;
		};
		B327C2472A3A488200DBB432 /* Build configuration list for PBXNativeTarget "StashSync" */ = {
			isa = XCConfigurationList;
			buildConfigurations = (
				B327C2482A3A488200DBB432 /* Debug */,
				B327C2492A3A488200DBB432 /* Release */,
			);
			defaultConfigurationIsVisible = 0;
			defaultConfigurationName = Release;
		};
		B327C25F2A3A498000DBB432 /* Build configuration list for PBXNativeTarget "StashSyncKit" */ = {
			isa = XCConfigurationList;
			buildConfigurations = (
				B327C2602A3A498000DBB432 /* Debug */,
				B327C2612A3A498000DBB432 /* Release */,
			);
			defaultConfigurationIsVisible = 0;
			defaultConfigurationName = Release;
		};
/* End XCConfigurationList section */

/* Begin XCLocalSwiftPackageReference section */
		B327C26E2A3A4DE100DBB432 /* XCLocalSwiftPackageReference "../.." */ = {
			isa = XCLocalSwiftPackageReference;
			relativePath = ../..;
		};
/* End XCLocalSwiftPackageReference section */

/* Begin XCSwiftPackageProductDependency section */
		B327C26F2A3A4DE100DBB432 /* StealthyStash */ = {
			isa = XCSwiftPackageProductDependency;
			productName = StealthyStash;
		};
/* End XCSwiftPackageProductDependency section */
	};
	rootObject = B327C21B2A3A488100DBB432 /* Project object */;
}
